PODS:
  - JSONModel (1.8.0)
  - Masonry (1.1.0)
  - MBProgressHUD (1.2.0)
  - MJRefresh (3.4.3)
  - SDWebImage (5.8.3):
    - SDWebImage/Core (= 5.8.3)
  - SDWebImage/Core (5.8.3)
  - SVProgressHUD (2.2.5)

DEPENDENCIES:
  - JSONModel
  - Masonry
  - MBProgressHUD
  - MJRefresh
  - SDWebImage
  - SVProgressHUD

SPEC REPOS:
  trunk:
    - JSONModel
    - Masonry
    - MBProgressHUD
    - MJRefresh
    - SDWebImage
    - SVProgressHUD

SPEC CHECKSUMS:
  JSONModel: 02ab723958366a3fd27da57ea2af2113658762e9
  Masonry: 678fab65091a9290e40e2832a55e7ab731aad201
  MBProgressHUD: 3ee5efcc380f6a79a7cc9b363dd669c5e1ae7406
  MJRefresh: 53e3e3219f204425ee6d3e62e8733d3295944cd6
  SDWebImage: 112503ec94a5a2a41869503844a15e8d8f1ead5c
  SVProgressHUD: 1428aafac632c1f86f62aa4243ec12008d7a51d6

PODFILE CHECKSUM: b459eb42bd3eed14e6d6e124c4cd9fa47d3fdb8e

COCOAPODS: 1.9.1
