// !$*UTF8*$!
{
	archiveVersion = 1;
	classes = {
	};
	objectVersion = 51;
	objects = {

/* Begin PBXBuildFile section */
		2EFDA1F5BFC8A0394D89ED7A /* Pods_HYFGraphicMap_HYFGraphicMapUITests.framework in Frameworks */ = {isa = PBXBuildFile; fileRef = B78F07149514F21637077E7D /* Pods_HYFGraphicMap_HYFGraphicMapUITests.framework */; };
		46D68E7F3EE99DBA8B2E0862 /* Pods_HYFGraphicMap.framework in Frameworks */ = {isa = PBXBuildFile; fileRef = CD06FE2F7FAFCB7F2C196A98 /* Pods_HYFGraphicMap.framework */; };
		AB3A2EE5250A0C4D007F6306 /* UIFactory.m in Sources */ = {isa = PBXBuildFile; fileRef = AB3A2EE4250A0C4D007F6306 /* UIFactory.m */; };
		AB3A2EEE250A0D1B007F6306 /* HSSessionModel.m in Sources */ = {isa = PBXBuildFile; fileRef = AB3A2EE7250A0D1B007F6306 /* HSSessionModel.m */; };
		AB3A2EEF250A0D1B007F6306 /* NSString+Hash.m in Sources */ = {isa = PBXBuildFile; fileRef = AB3A2EE9250A0D1B007F6306 /* NSString+Hash.m */; };
		AB3A2EF0250A0D1B007F6306 /* HSDownloadManager.m in Sources */ = {isa = PBXBuildFile; fileRef = AB3A2EED250A0D1B007F6306 /* HSDownloadManager.m */; };
		AB8C7ABE250B1B89007576BA /* scenicData.json in Resources */ = {isa = PBXBuildFile; fileRef = AB8C7ABD250B1B88007576BA /* scenicData.json */; };
		AB8C7AC5250B4FFF007576BA /* facility.json in Resources */ = {isa = PBXBuildFile; fileRef = AB8C7AC4250B4FFF007576BA /* facility.json */; };
		AB8C7AC9250B50A5007576BA /* VoiceData.json in Resources */ = {isa = PBXBuildFile; fileRef = AB8C7AC8250B50A5007576BA /* VoiceData.json */; };
		AB8C7ACB250B5246007576BA /* VoiceListData1.json in Resources */ = {isa = PBXBuildFile; fileRef = AB8C7ACA250B5246007576BA /* VoiceListData1.json */; };
		ABA22E592508CA640017C311 /* AppDelegate.m in Sources */ = {isa = PBXBuildFile; fileRef = ABA22E582508CA640017C311 /* AppDelegate.m */; };
		ABA22E5C2508CA650017C311 /* SceneDelegate.m in Sources */ = {isa = PBXBuildFile; fileRef = ABA22E5B2508CA650017C311 /* SceneDelegate.m */; };
		ABA22E5F2508CA650017C311 /* ViewController.m in Sources */ = {isa = PBXBuildFile; fileRef = ABA22E5E2508CA650017C311 /* ViewController.m */; };
		ABA22E622508CA650017C311 /* Main.storyboard in Resources */ = {isa = PBXBuildFile; fileRef = ABA22E602508CA650017C311 /* Main.storyboard */; };
		ABA22E642508CA690017C311 /* Assets.xcassets in Resources */ = {isa = PBXBuildFile; fileRef = ABA22E632508CA690017C311 /* Assets.xcassets */; };
		ABA22E672508CA690017C311 /* LaunchScreen.storyboard in Resources */ = {isa = PBXBuildFile; fileRef = ABA22E652508CA690017C311 /* LaunchScreen.storyboard */; };
		ABA22E6A2508CA690017C311 /* main.m in Sources */ = {isa = PBXBuildFile; fileRef = ABA22E692508CA690017C311 /* main.m */; };
		ABA22E742508CA690017C311 /* HYFGraphicMapTests.m in Sources */ = {isa = PBXBuildFile; fileRef = ABA22E732508CA690017C311 /* HYFGraphicMapTests.m */; };
		ABA22E7F2508CA690017C311 /* HYFGraphicMapUITests.m in Sources */ = {isa = PBXBuildFile; fileRef = ABA22E7E2508CA690017C311 /* HYFGraphicMapUITests.m */; };
		ABA22E8E2508D7780017C311 /* HYFMapViewController.m in Sources */ = {isa = PBXBuildFile; fileRef = ABA22E8D2508D7780017C311 /* HYFMapViewController.m */; };
		ABA22ED62508D7C20017C311 /* callout_right@2x.png in Resources */ = {isa = PBXBuildFile; fileRef = ABA22E922508D7C20017C311 /* callout_right@2x.png */; };
		ABA22ED72508D7C20017C311 /* NATiledImageMapView.m in Sources */ = {isa = PBXBuildFile; fileRef = ABA22E932508D7C20017C311 /* NATiledImageMapView.m */; };
		ABA22ED82508D7C20017C311 /* pin_purple_floating.png in Resources */ = {isa = PBXBuildFile; fileRef = ABA22E952508D7C20017C311 /* pin_purple_floating.png */; };
		ABA22ED92508D7C20017C311 /* NAPinAnnotation.m in Sources */ = {isa = PBXBuildFile; fileRef = ABA22E962508D7C20017C311 /* NAPinAnnotation.m */; };
		ABA22EDA2508D7C20017C311 /* callout_bg@2x.png in Resources */ = {isa = PBXBuildFile; fileRef = ABA22E972508D7C20017C311 /* callout_bg@2x.png */; };
		ABA22EDB2508D7C20017C311 /* callout_bg.png in Resources */ = {isa = PBXBuildFile; fileRef = ABA22E992508D7C20017C311 /* callout_bg.png */; };
		ABA22EDC2508D7C20017C311 /* pin_red.png in Resources */ = {isa = PBXBuildFile; fileRef = ABA22E9B2508D7C20017C311 /* pin_red.png */; };
		ABA22EDD2508D7C20017C311 /* pin_purple@2x.png in Resources */ = {isa = PBXBuildFile; fileRef = ABA22E9C2508D7C20017C311 /* pin_purple@2x.png */; };
		ABA22EDE2508D7C20017C311 /* callout_left@2x.png in Resources */ = {isa = PBXBuildFile; fileRef = ABA22E9E2508D7C20017C311 /* callout_left@2x.png */; };
		ABA22EDF2508D7C20017C311 /* callout_left.png in Resources */ = {isa = PBXBuildFile; fileRef = ABA22E9F2508D7C20017C311 /* callout_left.png */; };
		ABA22EE02508D7C20017C311 /* pin_red_floating.png in Resources */ = {isa = PBXBuildFile; fileRef = ABA22EA02508D7C20017C311 /* pin_red_floating.png */; };
		ABA22EE12508D7C20017C311 /* pin_green_floating@2x.png in Resources */ = {isa = PBXBuildFile; fileRef = ABA22EA12508D7C20017C311 /* pin_green_floating@2x.png */; };
		ABA22EE22508D7C20017C311 /* callout_right.png in Resources */ = {isa = PBXBuildFile; fileRef = ABA22EA22508D7C20017C311 /* callout_right.png */; };
		ABA22EE32508D7C20017C311 /* NAAnnotation.m in Sources */ = {isa = PBXBuildFile; fileRef = ABA22EA32508D7C20017C311 /* NAAnnotation.m */; };
		ABA22EE42508D7C20017C311 /* pin_purple.png in Resources */ = {isa = PBXBuildFile; fileRef = ABA22EA42508D7C20017C311 /* pin_purple.png */; };
		ABA22EE52508D7C20017C311 /* NAPinAnnotationCallOutView.m in Sources */ = {isa = PBXBuildFile; fileRef = ABA22EA52508D7C20017C311 /* NAPinAnnotationCallOutView.m */; };
		ABA22EE62508D7C20017C311 /* NAPinAnnotationMapView.m in Sources */ = {isa = PBXBuildFile; fileRef = ABA22EA62508D7C20017C311 /* NAPinAnnotationMapView.m */; };
		ABA22EE72508D7C20017C311 /* NAPinAnnotationView.m in Sources */ = {isa = PBXBuildFile; fileRef = ABA22EA82508D7C20017C311 /* NAPinAnnotationView.m */; };
		ABA22EE82508D7C20017C311 /* NAMapView.m in Sources */ = {isa = PBXBuildFile; fileRef = ABA22EA92508D7C20017C311 /* NAMapView.m */; };
		ABA22EE92508D7C20017C311 /* pin_green_floating.png in Resources */ = {isa = PBXBuildFile; fileRef = ABA22EAA2508D7C20017C311 /* pin_green_floating.png */; };
		ABA22EEA2508D7C20017C311 /* pin_purple_floating@2x.png in Resources */ = {isa = PBXBuildFile; fileRef = ABA22EAC2508D7C20017C311 /* pin_purple_floating@2x.png */; };
		ABA22EEB2508D7C20017C311 /* callout_anchor.png in Resources */ = {isa = PBXBuildFile; fileRef = ABA22EAD2508D7C20017C311 /* callout_anchor.png */; };
		ABA22EEC2508D7C20017C311 /* callout_anchor@2x.png in Resources */ = {isa = PBXBuildFile; fileRef = ABA22EAE2508D7C20017C311 /* callout_anchor@2x.png */; };
		ABA22EED2508D7C20017C311 /* pin_green@2x.png in Resources */ = {isa = PBXBuildFile; fileRef = ABA22EAF2508D7C20017C311 /* pin_green@2x.png */; };
		ABA22EEE2508D7C20017C311 /* NADotAnnotation.m in Sources */ = {isa = PBXBuildFile; fileRef = ABA22EB02508D7C20017C311 /* NADotAnnotation.m */; };
		ABA22EEF2508D7C20017C311 /* pin_red_floating@2x.png in Resources */ = {isa = PBXBuildFile; fileRef = ABA22EB12508D7C20017C311 /* pin_red_floating@2x.png */; };
		ABA22EF02508D7C20017C311 /* pin_green.png in Resources */ = {isa = PBXBuildFile; fileRef = ABA22EB32508D7C20017C311 /* pin_green.png */; };
		ABA22EF12508D7C20017C311 /* pin_red@2x.png in Resources */ = {isa = PBXBuildFile; fileRef = ABA22EB52508D7C20017C311 /* pin_red@2x.png */; };
		ABA22EF22508D7C20017C311 /* JXPCPinAnnotationCallOutView.m in Sources */ = {isa = PBXBuildFile; fileRef = ABA22EB72508D7C20017C311 /* JXPCPinAnnotationCallOutView.m */; };
		ABA22EF32508D7C20017C311 /* JXPCPinAnnotationCallOutView.xib in Resources */ = {isa = PBXBuildFile; fileRef = ABA22EB82508D7C20017C311 /* JXPCPinAnnotationCallOutView.xib */; };
		ABA22EF42508D7C20017C311 /* LJKPinAnnotationMapView.m in Sources */ = {isa = PBXBuildFile; fileRef = ABA22EB92508D7C20017C311 /* LJKPinAnnotationMapView.m */; };
		ABA22EF52508D7C20017C311 /* LJKPinAnnotationCallOutView.xib in Resources */ = {isa = PBXBuildFile; fileRef = ABA22EBD2508D7C20017C311 /* LJKPinAnnotationCallOutView.xib */; };
		ABA22EF62508D7C20017C311 /* LJKPinAnnotationView.m in Sources */ = {isa = PBXBuildFile; fileRef = ABA22EBE2508D7C20017C311 /* LJKPinAnnotationView.m */; };
		ABA22EF72508D7C20017C311 /* LJKPinAnnotationCallOutView.m in Sources */ = {isa = PBXBuildFile; fileRef = ABA22EC12508D7C20017C311 /* LJKPinAnnotationCallOutView.m */; };
		ABA22EF82508D7C20017C311 /* LJKPinAnnotation.m in Sources */ = {isa = PBXBuildFile; fileRef = ABA22EC22508D7C20017C311 /* LJKPinAnnotation.m */; };
		ABA22EF92508D7C20017C311 /* CalculatorLocationTool.m in Sources */ = {isa = PBXBuildFile; fileRef = ABA22EC52508D7C20017C311 /* CalculatorLocationTool.m */; };
		ABA22EFA2508D7C20017C311 /* UIView+ViewLayer.m in Sources */ = {isa = PBXBuildFile; fileRef = ABA22EC62508D7C20017C311 /* UIView+ViewLayer.m */; };
		ABA22EFB2508D7C20017C311 /* ARTile.m in Sources */ = {isa = PBXBuildFile; fileRef = ABA22ECA2508D7C20017C311 /* ARTile.m */; };
		ABA22EFC2508D7C20017C311 /* ARTiledImageScrollView.m in Sources */ = {isa = PBXBuildFile; fileRef = ABA22ECB2508D7C20017C311 /* ARTiledImageScrollView.m */; };
		ABA22EFD2508D7C20017C311 /* ARTiledImageView.m in Sources */ = {isa = PBXBuildFile; fileRef = ABA22ECC2508D7C20017C311 /* ARTiledImageView.m */; };
		ABA22EFE2508D7C20017C311 /* ARLocalTiledImageDataSource.m in Sources */ = {isa = PBXBuildFile; fileRef = ABA22ECD2508D7C20017C311 /* ARLocalTiledImageDataSource.m */; };
		ABA22EFF2508D7C20017C311 /* ARWebTiledImageDataSource.m in Sources */ = {isa = PBXBuildFile; fileRef = ABA22ECE2508D7C20017C311 /* ARWebTiledImageDataSource.m */; };
		ABA22F002508D7C20017C311 /* yy_play@3x.gif in Resources */ = {isa = PBXBuildFile; fileRef = ABA22ED52508D7C20017C311 /* yy_play@3x.gif */; };
		ABA22F072508DAC70017C311 /* UIButton+SSEdgeInsets.m in Sources */ = {isa = PBXBuildFile; fileRef = ABA22F032508DAC70017C311 /* UIButton+SSEdgeInsets.m */; };
		ABA22F082508DAC70017C311 /* JXPCEdgeInsets.m in Sources */ = {isa = PBXBuildFile; fileRef = ABA22F062508DAC70017C311 /* JXPCEdgeInsets.m */; };
		ABA22F0B2508DB070017C311 /* UIView+TBFrame.m in Sources */ = {isa = PBXBuildFile; fileRef = ABA22F0A2508DB070017C311 /* UIView+TBFrame.m */; };
		ABA22F2E250A09500017C311 /* JXPCLineNameModel.m in Sources */ = {isa = PBXBuildFile; fileRef = ABA22F0E250A09500017C311 /* JXPCLineNameModel.m */; };
		ABA22F2F250A09500017C311 /* JXPCLineScenicModel.m in Sources */ = {isa = PBXBuildFile; fileRef = ABA22F10250A09500017C311 /* JXPCLineScenicModel.m */; };
		ABA22F30250A09500017C311 /* JXPCFacilityModel.m in Sources */ = {isa = PBXBuildFile; fileRef = ABA22F12250A09500017C311 /* JXPCFacilityModel.m */; };
		ABA22F31250A09500017C311 /* JXPCScenicPointModel.m in Sources */ = {isa = PBXBuildFile; fileRef = ABA22F14250A09500017C311 /* JXPCScenicPointModel.m */; };
		ABA22F32250A09500017C311 /* JXPCVoiceListModel.m in Sources */ = {isa = PBXBuildFile; fileRef = ABA22F16250A09500017C311 /* JXPCVoiceListModel.m */; };
		ABA22F33250A09500017C311 /* JXPCLinePointModel.m in Sources */ = {isa = PBXBuildFile; fileRef = ABA22F17250A09500017C311 /* JXPCLinePointModel.m */; };
		ABA22F34250A09500017C311 /* JXPCDownNoVoiceViewController.m in Sources */ = {isa = PBXBuildFile; fileRef = ABA22F1C250A09500017C311 /* JXPCDownNoVoiceViewController.m */; };
		ABA22F37250A09500017C311 /* JXPCDownVoiceViewController.m in Sources */ = {isa = PBXBuildFile; fileRef = ABA22F1F250A09500017C311 /* JXPCDownVoiceViewController.m */; };
		ABA22F38250A09500017C311 /* JXPCDownVoiceTableViewCell.m in Sources */ = {isa = PBXBuildFile; fileRef = ABA22F23250A09500017C311 /* JXPCDownVoiceTableViewCell.m */; };
		ABA22F39250A09500017C311 /* JXPCMapVoiceTableViewCell.xib in Resources */ = {isa = PBXBuildFile; fileRef = ABA22F24250A09500017C311 /* JXPCMapVoiceTableViewCell.xib */; };
		ABA22F3A250A09500017C311 /* JXPCMapVoiceTableViewCell.m in Sources */ = {isa = PBXBuildFile; fileRef = ABA22F25250A09500017C311 /* JXPCMapVoiceTableViewCell.m */; };
		ABA22F3B250A09500017C311 /* JXPCMapNormalTableViewCell.m in Sources */ = {isa = PBXBuildFile; fileRef = ABA22F26250A09500017C311 /* JXPCMapNormalTableViewCell.m */; };
		ABA22F3C250A09500017C311 /* JXPCDownVoiceTableViewCell.xib in Resources */ = {isa = PBXBuildFile; fileRef = ABA22F29250A09500017C311 /* JXPCDownVoiceTableViewCell.xib */; };
		ABA22F3D250A09500017C311 /* JXPCMapBottomView.m in Sources */ = {isa = PBXBuildFile; fileRef = ABA22F2B250A09500017C311 /* JXPCMapBottomView.m */; };
		ABA22F3E250A09500017C311 /* JXPCMapNormalTableViewCell.xib in Resources */ = {isa = PBXBuildFile; fileRef = ABA22F2C250A09500017C311 /* JXPCMapNormalTableViewCell.xib */; };
		ABA22F42250A09BD0017C311 /* TBBaseViewController.m in Sources */ = {isa = PBXBuildFile; fileRef = ABA22F41250A09BC0017C311 /* TBBaseViewController.m */; };
		B6CB9EAB9CA0D622FAAEC4E9 /* Pods_HYFGraphicMapTests.framework in Frameworks */ = {isa = PBXBuildFile; fileRef = 88F967DF629514911A011FDA /* Pods_HYFGraphicMapTests.framework */; };
/* End PBXBuildFile section */

/* Begin PBXContainerItemProxy section */
		ABA22E702508CA690017C311 /* PBXContainerItemProxy */ = {
			isa = PBXContainerItemProxy;
			containerPortal = ABA22E4C2508CA640017C311 /* Project object */;
			proxyType = 1;
			remoteGlobalIDString = ABA22E532508CA640017C311;
			remoteInfo = HYFGraphicMap;
		};
		ABA22E7B2508CA690017C311 /* PBXContainerItemProxy */ = {
			isa = PBXContainerItemProxy;
			containerPortal = ABA22E4C2508CA640017C311 /* Project object */;
			proxyType = 1;
			remoteGlobalIDString = ABA22E532508CA640017C311;
			remoteInfo = HYFGraphicMap;
		};
/* End PBXContainerItemProxy section */

/* Begin PBXFileReference section */
		17528975A68BFF3BDAB3C056 /* Pods-HYFGraphicMap-HYFGraphicMapUITests.debug.xcconfig */ = {isa = PBXFileReference; includeInIndex = 1; lastKnownFileType = text.xcconfig; name = "Pods-HYFGraphicMap-HYFGraphicMapUITests.debug.xcconfig"; path = "Target Support Files/Pods-HYFGraphicMap-HYFGraphicMapUITests/Pods-HYFGraphicMap-HYFGraphicMapUITests.debug.xcconfig"; sourceTree = "<group>"; };
		3645F590796F0C040BDEB99F /* Pods-HYFGraphicMapTests.release.xcconfig */ = {isa = PBXFileReference; includeInIndex = 1; lastKnownFileType = text.xcconfig; name = "Pods-HYFGraphicMapTests.release.xcconfig"; path = "Target Support Files/Pods-HYFGraphicMapTests/Pods-HYFGraphicMapTests.release.xcconfig"; sourceTree = "<group>"; };
		849860F9803F7270D1E49F45 /* Pods-HYFGraphicMapTests.debug.xcconfig */ = {isa = PBXFileReference; includeInIndex = 1; lastKnownFileType = text.xcconfig; name = "Pods-HYFGraphicMapTests.debug.xcconfig"; path = "Target Support Files/Pods-HYFGraphicMapTests/Pods-HYFGraphicMapTests.debug.xcconfig"; sourceTree = "<group>"; };
		88F967DF629514911A011FDA /* Pods_HYFGraphicMapTests.framework */ = {isa = PBXFileReference; explicitFileType = wrapper.framework; includeInIndex = 0; path = Pods_HYFGraphicMapTests.framework; sourceTree = BUILT_PRODUCTS_DIR; };
		9FB48C66CC7764FED27B3CFE /* Pods-HYFGraphicMap.release.xcconfig */ = {isa = PBXFileReference; includeInIndex = 1; lastKnownFileType = text.xcconfig; name = "Pods-HYFGraphicMap.release.xcconfig"; path = "Target Support Files/Pods-HYFGraphicMap/Pods-HYFGraphicMap.release.xcconfig"; sourceTree = "<group>"; };
		AB3A2EE3250A0C4D007F6306 /* UIFactory.h */ = {isa = PBXFileReference; fileEncoding = 4; lastKnownFileType = sourcecode.c.h; path = UIFactory.h; sourceTree = "<group>"; };
		AB3A2EE4250A0C4D007F6306 /* UIFactory.m */ = {isa = PBXFileReference; fileEncoding = 4; lastKnownFileType = sourcecode.c.objc; path = UIFactory.m; sourceTree = "<group>"; };
		AB3A2EE7250A0D1B007F6306 /* HSSessionModel.m */ = {isa = PBXFileReference; fileEncoding = 4; lastKnownFileType = sourcecode.c.objc; path = HSSessionModel.m; sourceTree = "<group>"; };
		AB3A2EE9250A0D1B007F6306 /* NSString+Hash.m */ = {isa = PBXFileReference; fileEncoding = 4; lastKnownFileType = sourcecode.c.objc; path = "NSString+Hash.m"; sourceTree = "<group>"; };
		AB3A2EEA250A0D1B007F6306 /* NSString+Hash.h */ = {isa = PBXFileReference; fileEncoding = 4; lastKnownFileType = sourcecode.c.h; path = "NSString+Hash.h"; sourceTree = "<group>"; };
		AB3A2EEB250A0D1B007F6306 /* HSDownloadManager.h */ = {isa = PBXFileReference; fileEncoding = 4; lastKnownFileType = sourcecode.c.h; path = HSDownloadManager.h; sourceTree = "<group>"; };
		AB3A2EEC250A0D1B007F6306 /* HSSessionModel.h */ = {isa = PBXFileReference; fileEncoding = 4; lastKnownFileType = sourcecode.c.h; path = HSSessionModel.h; sourceTree = "<group>"; };
		AB3A2EED250A0D1B007F6306 /* HSDownloadManager.m */ = {isa = PBXFileReference; fileEncoding = 4; lastKnownFileType = sourcecode.c.objc; path = HSDownloadManager.m; sourceTree = "<group>"; };
		AB8C7ABD250B1B88007576BA /* scenicData.json */ = {isa = PBXFileReference; fileEncoding = 4; lastKnownFileType = text.json; path = scenicData.json; sourceTree = "<group>"; };
		AB8C7AC4250B4FFF007576BA /* facility.json */ = {isa = PBXFileReference; fileEncoding = 4; lastKnownFileType = text.json; path = facility.json; sourceTree = "<group>"; };
		AB8C7AC8250B50A5007576BA /* VoiceData.json */ = {isa = PBXFileReference; fileEncoding = 4; lastKnownFileType = text.json; path = VoiceData.json; sourceTree = "<group>"; };
		AB8C7ACA250B5246007576BA /* VoiceListData1.json */ = {isa = PBXFileReference; fileEncoding = 4; lastKnownFileType = text.json; path = VoiceListData1.json; sourceTree = "<group>"; };
		ABA22E542508CA640017C311 /* HYFGraphicMap.app */ = {isa = PBXFileReference; explicitFileType = wrapper.application; includeInIndex = 0; path = HYFGraphicMap.app; sourceTree = BUILT_PRODUCTS_DIR; };
		ABA22E572508CA640017C311 /* AppDelegate.h */ = {isa = PBXFileReference; lastKnownFileType = sourcecode.c.h; path = AppDelegate.h; sourceTree = "<group>"; };
		ABA22E582508CA640017C311 /* AppDelegate.m */ = {isa = PBXFileReference; lastKnownFileType = sourcecode.c.objc; path = AppDelegate.m; sourceTree = "<group>"; };
		ABA22E5A2508CA650017C311 /* SceneDelegate.h */ = {isa = PBXFileReference; lastKnownFileType = sourcecode.c.h; path = SceneDelegate.h; sourceTree = "<group>"; };
		ABA22E5B2508CA650017C311 /* SceneDelegate.m */ = {isa = PBXFileReference; lastKnownFileType = sourcecode.c.objc; path = SceneDelegate.m; sourceTree = "<group>"; };
		ABA22E5D2508CA650017C311 /* ViewController.h */ = {isa = PBXFileReference; lastKnownFileType = sourcecode.c.h; path = ViewController.h; sourceTree = "<group>"; };
		ABA22E5E2508CA650017C311 /* ViewController.m */ = {isa = PBXFileReference; lastKnownFileType = sourcecode.c.objc; path = ViewController.m; sourceTree = "<group>"; };
		ABA22E612508CA650017C311 /* Base */ = {isa = PBXFileReference; lastKnownFileType = file.storyboard; name = Base; path = Base.lproj/Main.storyboard; sourceTree = "<group>"; };
		ABA22E632508CA690017C311 /* Assets.xcassets */ = {isa = PBXFileReference; lastKnownFileType = folder.assetcatalog; path = Assets.xcassets; sourceTree = "<group>"; };
		ABA22E662508CA690017C311 /* Base */ = {isa = PBXFileReference; lastKnownFileType = file.storyboard; name = Base; path = Base.lproj/LaunchScreen.storyboard; sourceTree = "<group>"; };
		ABA22E682508CA690017C311 /* Info.plist */ = {isa = PBXFileReference; lastKnownFileType = text.plist.xml; path = Info.plist; sourceTree = "<group>"; };
		ABA22E692508CA690017C311 /* main.m */ = {isa = PBXFileReference; lastKnownFileType = sourcecode.c.objc; path = main.m; sourceTree = "<group>"; };
		ABA22E6F2508CA690017C311 /* HYFGraphicMapTests.xctest */ = {isa = PBXFileReference; explicitFileType = wrapper.cfbundle; includeInIndex = 0; path = HYFGraphicMapTests.xctest; sourceTree = BUILT_PRODUCTS_DIR; };
		ABA22E732508CA690017C311 /* HYFGraphicMapTests.m */ = {isa = PBXFileReference; lastKnownFileType = sourcecode.c.objc; path = HYFGraphicMapTests.m; sourceTree = "<group>"; };
		ABA22E752508CA690017C311 /* Info.plist */ = {isa = PBXFileReference; lastKnownFileType = text.plist.xml; path = Info.plist; sourceTree = "<group>"; };
		ABA22E7A2508CA690017C311 /* HYFGraphicMapUITests.xctest */ = {isa = PBXFileReference; explicitFileType = wrapper.cfbundle; includeInIndex = 0; path = HYFGraphicMapUITests.xctest; sourceTree = BUILT_PRODUCTS_DIR; };
		ABA22E7E2508CA690017C311 /* HYFGraphicMapUITests.m */ = {isa = PBXFileReference; lastKnownFileType = sourcecode.c.objc; path = HYFGraphicMapUITests.m; sourceTree = "<group>"; };
		ABA22E802508CA690017C311 /* Info.plist */ = {isa = PBXFileReference; lastKnownFileType = text.plist.xml; path = Info.plist; sourceTree = "<group>"; };
		ABA22E8C2508D7780017C311 /* HYFMapViewController.h */ = {isa = PBXFileReference; lastKnownFileType = sourcecode.c.h; path = HYFMapViewController.h; sourceTree = "<group>"; };
		ABA22E8D2508D7780017C311 /* HYFMapViewController.m */ = {isa = PBXFileReference; lastKnownFileType = sourcecode.c.objc; path = HYFMapViewController.m; sourceTree = "<group>"; };
		ABA22E912508D7C20017C311 /* NAPinAnnotationView.h */ = {isa = PBXFileReference; fileEncoding = 4; lastKnownFileType = sourcecode.c.h; path = NAPinAnnotationView.h; sourceTree = "<group>"; };
		ABA22E922508D7C20017C311 /* callout_right@2x.png */ = {isa = PBXFileReference; lastKnownFileType = image.png; path = "callout_right@2x.png"; sourceTree = "<group>"; };
		ABA22E932508D7C20017C311 /* NATiledImageMapView.m */ = {isa = PBXFileReference; fileEncoding = 4; lastKnownFileType = sourcecode.c.objc; path = NATiledImageMapView.m; sourceTree = "<group>"; };
		ABA22E942508D7C20017C311 /* NAPinAnnotationMapView.h */ = {isa = PBXFileReference; fileEncoding = 4; lastKnownFileType = sourcecode.c.h; path = NAPinAnnotationMapView.h; sourceTree = "<group>"; };
		ABA22E952508D7C20017C311 /* pin_purple_floating.png */ = {isa = PBXFileReference; lastKnownFileType = image.png; path = pin_purple_floating.png; sourceTree = "<group>"; };
		ABA22E962508D7C20017C311 /* NAPinAnnotation.m */ = {isa = PBXFileReference; fileEncoding = 4; lastKnownFileType = sourcecode.c.objc; path = NAPinAnnotation.m; sourceTree = "<group>"; };
		ABA22E972508D7C20017C311 /* callout_bg@2x.png */ = {isa = PBXFileReference; lastKnownFileType = image.png; path = "callout_bg@2x.png"; sourceTree = "<group>"; };
		ABA22E982508D7C20017C311 /* NAMapView.h */ = {isa = PBXFileReference; fileEncoding = 4; lastKnownFileType = sourcecode.c.h; path = NAMapView.h; sourceTree = "<group>"; };
		ABA22E992508D7C20017C311 /* callout_bg.png */ = {isa = PBXFileReference; lastKnownFileType = image.png; path = callout_bg.png; sourceTree = "<group>"; };
		ABA22E9A2508D7C20017C311 /* NAMapViewDelegate.h */ = {isa = PBXFileReference; fileEncoding = 4; lastKnownFileType = sourcecode.c.h; path = NAMapViewDelegate.h; sourceTree = "<group>"; };
		ABA22E9B2508D7C20017C311 /* pin_red.png */ = {isa = PBXFileReference; lastKnownFileType = image.png; path = pin_red.png; sourceTree = "<group>"; };
		ABA22E9C2508D7C20017C311 /* pin_purple@2x.png */ = {isa = PBXFileReference; lastKnownFileType = image.png; path = "pin_purple@2x.png"; sourceTree = "<group>"; };
		ABA22E9D2508D7C20017C311 /* NADotAnnotation.h */ = {isa = PBXFileReference; fileEncoding = 4; lastKnownFileType = sourcecode.c.h; path = NADotAnnotation.h; sourceTree = "<group>"; };
		ABA22E9E2508D7C20017C311 /* callout_left@2x.png */ = {isa = PBXFileReference; lastKnownFileType = image.png; path = "callout_left@2x.png"; sourceTree = "<group>"; };
		ABA22E9F2508D7C20017C311 /* callout_left.png */ = {isa = PBXFileReference; lastKnownFileType = image.png; path = callout_left.png; sourceTree = "<group>"; };
		ABA22EA02508D7C20017C311 /* pin_red_floating.png */ = {isa = PBXFileReference; lastKnownFileType = image.png; path = pin_red_floating.png; sourceTree = "<group>"; };
		ABA22EA12508D7C20017C311 /* pin_green_floating@2x.png */ = {isa = PBXFileReference; lastKnownFileType = image.png; path = "pin_green_floating@2x.png"; sourceTree = "<group>"; };
		ABA22EA22508D7C20017C311 /* callout_right.png */ = {isa = PBXFileReference; lastKnownFileType = image.png; path = callout_right.png; sourceTree = "<group>"; };
		ABA22EA32508D7C20017C311 /* NAAnnotation.m */ = {isa = PBXFileReference; fileEncoding = 4; lastKnownFileType = sourcecode.c.objc; path = NAAnnotation.m; sourceTree = "<group>"; };
		ABA22EA42508D7C20017C311 /* pin_purple.png */ = {isa = PBXFileReference; lastKnownFileType = image.png; path = pin_purple.png; sourceTree = "<group>"; };
		ABA22EA52508D7C20017C311 /* NAPinAnnotationCallOutView.m */ = {isa = PBXFileReference; fileEncoding = 4; lastKnownFileType = sourcecode.c.objc; path = NAPinAnnotationCallOutView.m; sourceTree = "<group>"; };
		ABA22EA62508D7C20017C311 /* NAPinAnnotationMapView.m */ = {isa = PBXFileReference; fileEncoding = 4; lastKnownFileType = sourcecode.c.objc; path = NAPinAnnotationMapView.m; sourceTree = "<group>"; };
		ABA22EA72508D7C20017C311 /* NATiledImageMapView.h */ = {isa = PBXFileReference; fileEncoding = 4; lastKnownFileType = sourcecode.c.h; path = NATiledImageMapView.h; sourceTree = "<group>"; };
		ABA22EA82508D7C20017C311 /* NAPinAnnotationView.m */ = {isa = PBXFileReference; fileEncoding = 4; lastKnownFileType = sourcecode.c.objc; path = NAPinAnnotationView.m; sourceTree = "<group>"; };
		ABA22EA92508D7C20017C311 /* NAMapView.m */ = {isa = PBXFileReference; fileEncoding = 4; lastKnownFileType = sourcecode.c.objc; path = NAMapView.m; sourceTree = "<group>"; };
		ABA22EAA2508D7C20017C311 /* pin_green_floating.png */ = {isa = PBXFileReference; lastKnownFileType = image.png; path = pin_green_floating.png; sourceTree = "<group>"; };
		ABA22EAB2508D7C20017C311 /* NAPinAnnotation.h */ = {isa = PBXFileReference; fileEncoding = 4; lastKnownFileType = sourcecode.c.h; path = NAPinAnnotation.h; sourceTree = "<group>"; };
		ABA22EAC2508D7C20017C311 /* pin_purple_floating@2x.png */ = {isa = PBXFileReference; lastKnownFileType = image.png; path = "pin_purple_floating@2x.png"; sourceTree = "<group>"; };
		ABA22EAD2508D7C20017C311 /* callout_anchor.png */ = {isa = PBXFileReference; lastKnownFileType = image.png; path = callout_anchor.png; sourceTree = "<group>"; };
		ABA22EAE2508D7C20017C311 /* callout_anchor@2x.png */ = {isa = PBXFileReference; lastKnownFileType = image.png; path = "callout_anchor@2x.png"; sourceTree = "<group>"; };
		ABA22EAF2508D7C20017C311 /* pin_green@2x.png */ = {isa = PBXFileReference; lastKnownFileType = image.png; path = "pin_green@2x.png"; sourceTree = "<group>"; };
		ABA22EB02508D7C20017C311 /* NADotAnnotation.m */ = {isa = PBXFileReference; fileEncoding = 4; lastKnownFileType = sourcecode.c.objc; path = NADotAnnotation.m; sourceTree = "<group>"; };
		ABA22EB12508D7C20017C311 /* pin_red_floating@2x.png */ = {isa = PBXFileReference; lastKnownFileType = image.png; path = "pin_red_floating@2x.png"; sourceTree = "<group>"; };
		ABA22EB22508D7C20017C311 /* NAPinAnnotationCallOutView.h */ = {isa = PBXFileReference; fileEncoding = 4; lastKnownFileType = sourcecode.c.h; path = NAPinAnnotationCallOutView.h; sourceTree = "<group>"; };
		ABA22EB32508D7C20017C311 /* pin_green.png */ = {isa = PBXFileReference; lastKnownFileType = image.png; path = pin_green.png; sourceTree = "<group>"; };
		ABA22EB42508D7C20017C311 /* NAAnnotation.h */ = {isa = PBXFileReference; fileEncoding = 4; lastKnownFileType = sourcecode.c.h; path = NAAnnotation.h; sourceTree = "<group>"; };
		ABA22EB52508D7C20017C311 /* pin_red@2x.png */ = {isa = PBXFileReference; lastKnownFileType = image.png; path = "pin_red@2x.png"; sourceTree = "<group>"; };
		ABA22EB72508D7C20017C311 /* JXPCPinAnnotationCallOutView.m */ = {isa = PBXFileReference; fileEncoding = 4; lastKnownFileType = sourcecode.c.objc; path = JXPCPinAnnotationCallOutView.m; sourceTree = "<group>"; };
		ABA22EB82508D7C20017C311 /* JXPCPinAnnotationCallOutView.xib */ = {isa = PBXFileReference; fileEncoding = 4; lastKnownFileType = file.xib; path = JXPCPinAnnotationCallOutView.xib; sourceTree = "<group>"; };
		ABA22EB92508D7C20017C311 /* LJKPinAnnotationMapView.m */ = {isa = PBXFileReference; fileEncoding = 4; lastKnownFileType = sourcecode.c.objc; path = LJKPinAnnotationMapView.m; sourceTree = "<group>"; };
		ABA22EBA2508D7C20017C311 /* LJKPinAnnotationView.h */ = {isa = PBXFileReference; fileEncoding = 4; lastKnownFileType = sourcecode.c.h; path = LJKPinAnnotationView.h; sourceTree = "<group>"; };
		ABA22EBB2508D7C20017C311 /* LJKPinAnnotation.h */ = {isa = PBXFileReference; fileEncoding = 4; lastKnownFileType = sourcecode.c.h; path = LJKPinAnnotation.h; sourceTree = "<group>"; };
		ABA22EBC2508D7C20017C311 /* LJKPinAnnotationCallOutView.h */ = {isa = PBXFileReference; fileEncoding = 4; lastKnownFileType = sourcecode.c.h; path = LJKPinAnnotationCallOutView.h; sourceTree = "<group>"; };
		ABA22EBD2508D7C20017C311 /* LJKPinAnnotationCallOutView.xib */ = {isa = PBXFileReference; fileEncoding = 4; lastKnownFileType = file.xib; path = LJKPinAnnotationCallOutView.xib; sourceTree = "<group>"; };
		ABA22EBE2508D7C20017C311 /* LJKPinAnnotationView.m */ = {isa = PBXFileReference; fileEncoding = 4; lastKnownFileType = sourcecode.c.objc; path = LJKPinAnnotationView.m; sourceTree = "<group>"; };
		ABA22EBF2508D7C20017C311 /* LJKPinAnnotationMapView.h */ = {isa = PBXFileReference; fileEncoding = 4; lastKnownFileType = sourcecode.c.h; path = LJKPinAnnotationMapView.h; sourceTree = "<group>"; };
		ABA22EC02508D7C20017C311 /* JXPCPinAnnotationCallOutView.h */ = {isa = PBXFileReference; fileEncoding = 4; lastKnownFileType = sourcecode.c.h; path = JXPCPinAnnotationCallOutView.h; sourceTree = "<group>"; };
		ABA22EC12508D7C20017C311 /* LJKPinAnnotationCallOutView.m */ = {isa = PBXFileReference; fileEncoding = 4; lastKnownFileType = sourcecode.c.objc; path = LJKPinAnnotationCallOutView.m; sourceTree = "<group>"; };
		ABA22EC22508D7C20017C311 /* LJKPinAnnotation.m */ = {isa = PBXFileReference; fileEncoding = 4; lastKnownFileType = sourcecode.c.objc; path = LJKPinAnnotation.m; sourceTree = "<group>"; };
		ABA22EC42508D7C20017C311 /* UIView+ViewLayer.h */ = {isa = PBXFileReference; fileEncoding = 4; lastKnownFileType = sourcecode.c.h; path = "UIView+ViewLayer.h"; sourceTree = "<group>"; };
		ABA22EC52508D7C20017C311 /* CalculatorLocationTool.m */ = {isa = PBXFileReference; fileEncoding = 4; lastKnownFileType = sourcecode.c.objc; path = CalculatorLocationTool.m; sourceTree = "<group>"; };
		ABA22EC62508D7C20017C311 /* UIView+ViewLayer.m */ = {isa = PBXFileReference; fileEncoding = 4; lastKnownFileType = sourcecode.c.objc; path = "UIView+ViewLayer.m"; sourceTree = "<group>"; };
		ABA22EC72508D7C20017C311 /* CalculatorLocationTool.h */ = {isa = PBXFileReference; fileEncoding = 4; lastKnownFileType = sourcecode.c.h; path = CalculatorLocationTool.h; sourceTree = "<group>"; };
		ABA22ECA2508D7C20017C311 /* ARTile.m */ = {isa = PBXFileReference; fileEncoding = 4; lastKnownFileType = sourcecode.c.objc; path = ARTile.m; sourceTree = "<group>"; };
		ABA22ECB2508D7C20017C311 /* ARTiledImageScrollView.m */ = {isa = PBXFileReference; fileEncoding = 4; lastKnownFileType = sourcecode.c.objc; path = ARTiledImageScrollView.m; sourceTree = "<group>"; };
		ABA22ECC2508D7C20017C311 /* ARTiledImageView.m */ = {isa = PBXFileReference; fileEncoding = 4; lastKnownFileType = sourcecode.c.objc; path = ARTiledImageView.m; sourceTree = "<group>"; };
		ABA22ECD2508D7C20017C311 /* ARLocalTiledImageDataSource.m */ = {isa = PBXFileReference; fileEncoding = 4; lastKnownFileType = sourcecode.c.objc; path = ARLocalTiledImageDataSource.m; sourceTree = "<group>"; };
		ABA22ECE2508D7C20017C311 /* ARWebTiledImageDataSource.m */ = {isa = PBXFileReference; fileEncoding = 4; lastKnownFileType = sourcecode.c.objc; path = ARWebTiledImageDataSource.m; sourceTree = "<group>"; };
		ABA22ECF2508D7C20017C311 /* ARTile.h */ = {isa = PBXFileReference; fileEncoding = 4; lastKnownFileType = sourcecode.c.h; path = ARTile.h; sourceTree = "<group>"; };
		ABA22ED02508D7C20017C311 /* ARTiledImageViewDataSource.h */ = {isa = PBXFileReference; fileEncoding = 4; lastKnownFileType = sourcecode.c.h; path = ARTiledImageViewDataSource.h; sourceTree = "<group>"; };
		ABA22ED12508D7C20017C311 /* ARTiledImageScrollView.h */ = {isa = PBXFileReference; fileEncoding = 4; lastKnownFileType = sourcecode.c.h; path = ARTiledImageScrollView.h; sourceTree = "<group>"; };
		ABA22ED22508D7C20017C311 /* ARWebTiledImageDataSource.h */ = {isa = PBXFileReference; fileEncoding = 4; lastKnownFileType = sourcecode.c.h; path = ARWebTiledImageDataSource.h; sourceTree = "<group>"; };
		ABA22ED32508D7C20017C311 /* ARTiledImageView.h */ = {isa = PBXFileReference; fileEncoding = 4; lastKnownFileType = sourcecode.c.h; path = ARTiledImageView.h; sourceTree = "<group>"; };
		ABA22ED42508D7C20017C311 /* ARLocalTiledImageDataSource.h */ = {isa = PBXFileReference; fileEncoding = 4; lastKnownFileType = sourcecode.c.h; path = ARLocalTiledImageDataSource.h; sourceTree = "<group>"; };
		ABA22ED52508D7C20017C311 /* yy_play@3x.gif */ = {isa = PBXFileReference; lastKnownFileType = image.gif; path = "yy_play@3x.gif"; sourceTree = "<group>"; };
		ABA22F012508D89F0017C311 /* HYFPrefixHeader.pch */ = {isa = PBXFileReference; lastKnownFileType = sourcecode.c.h; path = HYFPrefixHeader.pch; sourceTree = "<group>"; };
		ABA22F032508DAC70017C311 /* UIButton+SSEdgeInsets.m */ = {isa = PBXFileReference; fileEncoding = 4; lastKnownFileType = sourcecode.c.objc; path = "UIButton+SSEdgeInsets.m"; sourceTree = "<group>"; };
		ABA22F042508DAC70017C311 /* JXPCEdgeInsets.h */ = {isa = PBXFileReference; fileEncoding = 4; lastKnownFileType = sourcecode.c.h; path = JXPCEdgeInsets.h; sourceTree = "<group>"; };
		ABA22F052508DAC70017C311 /* UIButton+SSEdgeInsets.h */ = {isa = PBXFileReference; fileEncoding = 4; lastKnownFileType = sourcecode.c.h; path = "UIButton+SSEdgeInsets.h"; sourceTree = "<group>"; };
		ABA22F062508DAC70017C311 /* JXPCEdgeInsets.m */ = {isa = PBXFileReference; fileEncoding = 4; lastKnownFileType = sourcecode.c.objc; path = JXPCEdgeInsets.m; sourceTree = "<group>"; };
		ABA22F092508DB070017C311 /* UIView+TBFrame.h */ = {isa = PBXFileReference; fileEncoding = 4; lastKnownFileType = sourcecode.c.h; path = "UIView+TBFrame.h"; sourceTree = "<group>"; };
		ABA22F0A2508DB070017C311 /* UIView+TBFrame.m */ = {isa = PBXFileReference; fileEncoding = 4; lastKnownFileType = sourcecode.c.objc; path = "UIView+TBFrame.m"; sourceTree = "<group>"; };
		ABA22F0D250A09500017C311 /* JXPCScenicPointModel.h */ = {isa = PBXFileReference; fileEncoding = 4; lastKnownFileType = sourcecode.c.h; path = JXPCScenicPointModel.h; sourceTree = "<group>"; };
		ABA22F0E250A09500017C311 /* JXPCLineNameModel.m */ = {isa = PBXFileReference; fileEncoding = 4; lastKnownFileType = sourcecode.c.objc; path = JXPCLineNameModel.m; sourceTree = "<group>"; };
		ABA22F0F250A09500017C311 /* JXPCVoiceListModel.h */ = {isa = PBXFileReference; fileEncoding = 4; lastKnownFileType = sourcecode.c.h; path = JXPCVoiceListModel.h; sourceTree = "<group>"; };
		ABA22F10250A09500017C311 /* JXPCLineScenicModel.m */ = {isa = PBXFileReference; fileEncoding = 4; lastKnownFileType = sourcecode.c.objc; path = JXPCLineScenicModel.m; sourceTree = "<group>"; };
		ABA22F11250A09500017C311 /* JXPCLinePointModel.h */ = {isa = PBXFileReference; fileEncoding = 4; lastKnownFileType = sourcecode.c.h; path = JXPCLinePointModel.h; sourceTree = "<group>"; };
		ABA22F12250A09500017C311 /* JXPCFacilityModel.m */ = {isa = PBXFileReference; fileEncoding = 4; lastKnownFileType = sourcecode.c.objc; path = JXPCFacilityModel.m; sourceTree = "<group>"; };
		ABA22F13250A09500017C311 /* JXPCLineNameModel.h */ = {isa = PBXFileReference; fileEncoding = 4; lastKnownFileType = sourcecode.c.h; path = JXPCLineNameModel.h; sourceTree = "<group>"; };
		ABA22F14250A09500017C311 /* JXPCScenicPointModel.m */ = {isa = PBXFileReference; fileEncoding = 4; lastKnownFileType = sourcecode.c.objc; path = JXPCScenicPointModel.m; sourceTree = "<group>"; };
		ABA22F15250A09500017C311 /* JXPCLineScenicModel.h */ = {isa = PBXFileReference; fileEncoding = 4; lastKnownFileType = sourcecode.c.h; path = JXPCLineScenicModel.h; sourceTree = "<group>"; };
		ABA22F16250A09500017C311 /* JXPCVoiceListModel.m */ = {isa = PBXFileReference; fileEncoding = 4; lastKnownFileType = sourcecode.c.objc; path = JXPCVoiceListModel.m; sourceTree = "<group>"; };
		ABA22F17250A09500017C311 /* JXPCLinePointModel.m */ = {isa = PBXFileReference; fileEncoding = 4; lastKnownFileType = sourcecode.c.objc; path = JXPCLinePointModel.m; sourceTree = "<group>"; };
		ABA22F18250A09500017C311 /* JXPCFacilityModel.h */ = {isa = PBXFileReference; fileEncoding = 4; lastKnownFileType = sourcecode.c.h; path = JXPCFacilityModel.h; sourceTree = "<group>"; };
		ABA22F1B250A09500017C311 /* JXPCDownVoiceViewController.h */ = {isa = PBXFileReference; fileEncoding = 4; lastKnownFileType = sourcecode.c.h; path = JXPCDownVoiceViewController.h; sourceTree = "<group>"; };
		ABA22F1C250A09500017C311 /* JXPCDownNoVoiceViewController.m */ = {isa = PBXFileReference; fileEncoding = 4; lastKnownFileType = sourcecode.c.objc; path = JXPCDownNoVoiceViewController.m; sourceTree = "<group>"; };
		ABA22F1F250A09500017C311 /* JXPCDownVoiceViewController.m */ = {isa = PBXFileReference; fileEncoding = 4; lastKnownFileType = sourcecode.c.objc; path = JXPCDownVoiceViewController.m; sourceTree = "<group>"; };
		ABA22F20250A09500017C311 /* JXPCDownNoVoiceViewController.h */ = {isa = PBXFileReference; fileEncoding = 4; lastKnownFileType = sourcecode.c.h; path = JXPCDownNoVoiceViewController.h; sourceTree = "<group>"; };
		ABA22F23250A09500017C311 /* JXPCDownVoiceTableViewCell.m */ = {isa = PBXFileReference; fileEncoding = 4; lastKnownFileType = sourcecode.c.objc; path = JXPCDownVoiceTableViewCell.m; sourceTree = "<group>"; };
		ABA22F24250A09500017C311 /* JXPCMapVoiceTableViewCell.xib */ = {isa = PBXFileReference; fileEncoding = 4; lastKnownFileType = file.xib; path = JXPCMapVoiceTableViewCell.xib; sourceTree = "<group>"; };
		ABA22F25250A09500017C311 /* JXPCMapVoiceTableViewCell.m */ = {isa = PBXFileReference; fileEncoding = 4; lastKnownFileType = sourcecode.c.objc; path = JXPCMapVoiceTableViewCell.m; sourceTree = "<group>"; };
		ABA22F26250A09500017C311 /* JXPCMapNormalTableViewCell.m */ = {isa = PBXFileReference; fileEncoding = 4; lastKnownFileType = sourcecode.c.objc; path = JXPCMapNormalTableViewCell.m; sourceTree = "<group>"; };
		ABA22F27250A09500017C311 /* JXPCMapBottomView.h */ = {isa = PBXFileReference; fileEncoding = 4; lastKnownFileType = sourcecode.c.h; path = JXPCMapBottomView.h; sourceTree = "<group>"; };
		ABA22F28250A09500017C311 /* JXPCDownVoiceTableViewCell.h */ = {isa = PBXFileReference; fileEncoding = 4; lastKnownFileType = sourcecode.c.h; path = JXPCDownVoiceTableViewCell.h; sourceTree = "<group>"; };
		ABA22F29250A09500017C311 /* JXPCDownVoiceTableViewCell.xib */ = {isa = PBXFileReference; fileEncoding = 4; lastKnownFileType = file.xib; path = JXPCDownVoiceTableViewCell.xib; sourceTree = "<group>"; };
		ABA22F2A250A09500017C311 /* JXPCMapVoiceTableViewCell.h */ = {isa = PBXFileReference; fileEncoding = 4; lastKnownFileType = sourcecode.c.h; path = JXPCMapVoiceTableViewCell.h; sourceTree = "<group>"; };
		ABA22F2B250A09500017C311 /* JXPCMapBottomView.m */ = {isa = PBXFileReference; fileEncoding = 4; lastKnownFileType = sourcecode.c.objc; path = JXPCMapBottomView.m; sourceTree = "<group>"; };
		ABA22F2C250A09500017C311 /* JXPCMapNormalTableViewCell.xib */ = {isa = PBXFileReference; fileEncoding = 4; lastKnownFileType = file.xib; path = JXPCMapNormalTableViewCell.xib; sourceTree = "<group>"; };
		ABA22F2D250A09500017C311 /* JXPCMapNormalTableViewCell.h */ = {isa = PBXFileReference; fileEncoding = 4; lastKnownFileType = sourcecode.c.h; path = JXPCMapNormalTableViewCell.h; sourceTree = "<group>"; };
		ABA22F40250A09BC0017C311 /* TBBaseViewController.h */ = {isa = PBXFileReference; fileEncoding = 4; lastKnownFileType = sourcecode.c.h; path = TBBaseViewController.h; sourceTree = "<group>"; };
		ABA22F41250A09BC0017C311 /* TBBaseViewController.m */ = {isa = PBXFileReference; fileEncoding = 4; lastKnownFileType = sourcecode.c.objc; path = TBBaseViewController.m; sourceTree = "<group>"; };
		AD480C8221F35A101AB11710 /* Pods-HYFGraphicMap.debug.xcconfig */ = {isa = PBXFileReference; includeInIndex = 1; lastKnownFileType = text.xcconfig; name = "Pods-HYFGraphicMap.debug.xcconfig"; path = "Target Support Files/Pods-HYFGraphicMap/Pods-HYFGraphicMap.debug.xcconfig"; sourceTree = "<group>"; };
		B78F07149514F21637077E7D /* Pods_HYFGraphicMap_HYFGraphicMapUITests.framework */ = {isa = PBXFileReference; explicitFileType = wrapper.framework; includeInIndex = 0; path = Pods_HYFGraphicMap_HYFGraphicMapUITests.framework; sourceTree = BUILT_PRODUCTS_DIR; };
		B9691EE5C56883EA5CE7B9D1 /* Pods-HYFGraphicMap-HYFGraphicMapUITests.release.xcconfig */ = {isa = PBXFileReference; includeInIndex = 1; lastKnownFileType = text.xcconfig; name = "Pods-HYFGraphicMap-HYFGraphicMapUITests.release.xcconfig"; path = "Target Support Files/Pods-HYFGraphicMap-HYFGraphicMapUITests/Pods-HYFGraphicMap-HYFGraphicMapUITests.release.xcconfig"; sourceTree = "<group>"; };
		CD06FE2F7FAFCB7F2C196A98 /* Pods_HYFGraphicMap.framework */ = {isa = PBXFileReference; explicitFileType = wrapper.framework; includeInIndex = 0; path = Pods_HYFGraphicMap.framework; sourceTree = BUILT_PRODUCTS_DIR; };
/* End PBXFileReference section */

/* Begin PBXFrameworksBuildPhase section */
		ABA22E512508CA640017C311 /* Frameworks */ = {
			isa = PBXFrameworksBuildPhase;
			buildActionMask = 2147483647;
			files = (
				46D68E7F3EE99DBA8B2E0862 /* Pods_HYFGraphicMap.framework in Frameworks */,
			);
			runOnlyForDeploymentPostprocessing = 0;
		};
		ABA22E6C2508CA690017C311 /* Frameworks */ = {
			isa = PBXFrameworksBuildPhase;
			buildActionMask = 2147483647;
			files = (
				B6CB9EAB9CA0D622FAAEC4E9 /* Pods_HYFGraphicMapTests.framework in Frameworks */,
			);
			runOnlyForDeploymentPostprocessing = 0;
		};
		ABA22E772508CA690017C311 /* Frameworks */ = {
			isa = PBXFrameworksBuildPhase;
			buildActionMask = 2147483647;
			files = (
				2EFDA1F5BFC8A0394D89ED7A /* Pods_HYFGraphicMap_HYFGraphicMapUITests.framework in Frameworks */,
			);
			runOnlyForDeploymentPostprocessing = 0;
		};
/* End PBXFrameworksBuildPhase section */

/* Begin PBXGroup section */
		06DA346B489E124FCA90B9DF /* Pods */ = {
			isa = PBXGroup;
			children = (
				AD480C8221F35A101AB11710 /* Pods-HYFGraphicMap.debug.xcconfig */,
				9FB48C66CC7764FED27B3CFE /* Pods-HYFGraphicMap.release.xcconfig */,
				17528975A68BFF3BDAB3C056 /* Pods-HYFGraphicMap-HYFGraphicMapUITests.debug.xcconfig */,
				B9691EE5C56883EA5CE7B9D1 /* Pods-HYFGraphicMap-HYFGraphicMapUITests.release.xcconfig */,
				849860F9803F7270D1E49F45 /* Pods-HYFGraphicMapTests.debug.xcconfig */,
				3645F590796F0C040BDEB99F /* Pods-HYFGraphicMapTests.release.xcconfig */,
			);
			path = Pods;
			sourceTree = "<group>";
		};
		1C51E811988A2DA6FA2D5C4B /* Frameworks */ = {
			isa = PBXGroup;
			children = (
				CD06FE2F7FAFCB7F2C196A98 /* Pods_HYFGraphicMap.framework */,
				B78F07149514F21637077E7D /* Pods_HYFGraphicMap_HYFGraphicMapUITests.framework */,
				88F967DF629514911A011FDA /* Pods_HYFGraphicMapTests.framework */,
			);
			name = Frameworks;
			sourceTree = "<group>";
		};
		AB3A2EE2250A0C4D007F6306 /* VC返回按钮 */ = {
			isa = PBXGroup;
			children = (
				AB3A2EE3250A0C4D007F6306 /* UIFactory.h */,
				AB3A2EE4250A0C4D007F6306 /* UIFactory.m */,
			);
			path = "VC返回按钮";
			sourceTree = "<group>";
		};
		AB3A2EE6250A0D1B007F6306 /* HSDownloadManager */ = {
			isa = PBXGroup;
			children = (
				AB3A2EE7250A0D1B007F6306 /* HSSessionModel.m */,
				AB3A2EE8250A0D1B007F6306 /* MD5 */,
				AB3A2EEB250A0D1B007F6306 /* HSDownloadManager.h */,
				AB3A2EEC250A0D1B007F6306 /* HSSessionModel.h */,
				AB3A2EED250A0D1B007F6306 /* HSDownloadManager.m */,
			);
			path = HSDownloadManager;
			sourceTree = "<group>";
		};
		AB3A2EE8250A0D1B007F6306 /* MD5 */ = {
			isa = PBXGroup;
			children = (
				AB3A2EE9250A0D1B007F6306 /* NSString+Hash.m */,
				AB3A2EEA250A0D1B007F6306 /* NSString+Hash.h */,
			);
			path = MD5;
			sourceTree = "<group>";
		};
		ABA22E4B2508CA640017C311 = {
			isa = PBXGroup;
			children = (
				ABA22E562508CA640017C311 /* HYFGraphicMap */,
				ABA22E722508CA690017C311 /* HYFGraphicMapTests */,
				ABA22E7D2508CA690017C311 /* HYFGraphicMapUITests */,
				ABA22E552508CA640017C311 /* Products */,
				06DA346B489E124FCA90B9DF /* Pods */,
				1C51E811988A2DA6FA2D5C4B /* Frameworks */,
			);
			sourceTree = "<group>";
		};
		ABA22E552508CA640017C311 /* Products */ = {
			isa = PBXGroup;
			children = (
				ABA22E542508CA640017C311 /* HYFGraphicMap.app */,
				ABA22E6F2508CA690017C311 /* HYFGraphicMapTests.xctest */,
				ABA22E7A2508CA690017C311 /* HYFGraphicMapUITests.xctest */,
			);
			name = Products;
			sourceTree = "<group>";
		};
		ABA22E562508CA640017C311 /* HYFGraphicMap */ = {
			isa = PBXGroup;
			children = (
				ABA22E572508CA640017C311 /* AppDelegate.h */,
				ABA22E582508CA640017C311 /* AppDelegate.m */,
				ABA22E5A2508CA650017C311 /* SceneDelegate.h */,
				ABA22E5B2508CA650017C311 /* SceneDelegate.m */,
				ABA22E5D2508CA650017C311 /* ViewController.h */,
				ABA22E5E2508CA650017C311 /* ViewController.m */,
				ABA22E8C2508D7780017C311 /* HYFMapViewController.h */,
				ABA22E8D2508D7780017C311 /* HYFMapViewController.m */,
				AB8C7ABD250B1B88007576BA /* scenicData.json */,
				AB8C7AC4250B4FFF007576BA /* facility.json */,
				AB8C7AC8250B50A5007576BA /* VoiceData.json */,
				AB8C7ACA250B5246007576BA /* VoiceListData1.json */,
				ABA22E8F2508D7C20017C311 /* 手绘地图 */,
				ABA22F0C250A09500017C311 /* Model */,
				ABA22F22250A09500017C311 /* View */,
				ABA22F19250A09500017C311 /* ViewController */,
				ABA22E602508CA650017C311 /* Main.storyboard */,
				ABA22E632508CA690017C311 /* Assets.xcassets */,
				ABA22E652508CA690017C311 /* LaunchScreen.storyboard */,
				ABA22E682508CA690017C311 /* Info.plist */,
				ABA22E692508CA690017C311 /* main.m */,
				ABA22F012508D89F0017C311 /* HYFPrefixHeader.pch */,
			);
			path = HYFGraphicMap;
			sourceTree = "<group>";
		};
		ABA22E722508CA690017C311 /* HYFGraphicMapTests */ = {
			isa = PBXGroup;
			children = (
				ABA22E732508CA690017C311 /* HYFGraphicMapTests.m */,
				ABA22E752508CA690017C311 /* Info.plist */,
			);
			path = HYFGraphicMapTests;
			sourceTree = "<group>";
		};
		ABA22E7D2508CA690017C311 /* HYFGraphicMapUITests */ = {
			isa = PBXGroup;
			children = (
				ABA22E7E2508CA690017C311 /* HYFGraphicMapUITests.m */,
				ABA22E802508CA690017C311 /* Info.plist */,
			);
			path = HYFGraphicMapUITests;
			sourceTree = "<group>";
		};
		ABA22E8F2508D7C20017C311 /* 手绘地图 */ = {
			isa = PBXGroup;
			children = (
				ABA22E902508D7C20017C311 /* NAMapKit */,
				ABA22EB62508D7C20017C311 /* LJKMap */,
				ABA22EC32508D7C20017C311 /* 工具类 */,
				ABA22EC82508D7C20017C311 /* ARTiledImageView */,
				ABA22ED52508D7C20017C311 /* yy_play@3x.gif */,
			);
			path = "手绘地图";
			sourceTree = SOURCE_ROOT;
		};
		ABA22E902508D7C20017C311 /* NAMapKit */ = {
			isa = PBXGroup;
			children = (
				ABA22E912508D7C20017C311 /* NAPinAnnotationView.h */,
				ABA22E922508D7C20017C311 /* callout_right@2x.png */,
				ABA22E932508D7C20017C311 /* NATiledImageMapView.m */,
				ABA22E942508D7C20017C311 /* NAPinAnnotationMapView.h */,
				ABA22E952508D7C20017C311 /* pin_purple_floating.png */,
				ABA22E962508D7C20017C311 /* NAPinAnnotation.m */,
				ABA22E972508D7C20017C311 /* callout_bg@2x.png */,
				ABA22E982508D7C20017C311 /* NAMapView.h */,
				ABA22E992508D7C20017C311 /* callout_bg.png */,
				ABA22E9A2508D7C20017C311 /* NAMapViewDelegate.h */,
				ABA22E9B2508D7C20017C311 /* pin_red.png */,
				ABA22E9C2508D7C20017C311 /* pin_purple@2x.png */,
				ABA22E9D2508D7C20017C311 /* NADotAnnotation.h */,
				ABA22E9E2508D7C20017C311 /* callout_left@2x.png */,
				ABA22E9F2508D7C20017C311 /* callout_left.png */,
				ABA22EA02508D7C20017C311 /* pin_red_floating.png */,
				ABA22EA12508D7C20017C311 /* pin_green_floating@2x.png */,
				ABA22EA22508D7C20017C311 /* callout_right.png */,
				ABA22EA32508D7C20017C311 /* NAAnnotation.m */,
				ABA22EA42508D7C20017C311 /* pin_purple.png */,
				ABA22EA52508D7C20017C311 /* NAPinAnnotationCallOutView.m */,
				ABA22EA62508D7C20017C311 /* NAPinAnnotationMapView.m */,
				ABA22EA72508D7C20017C311 /* NATiledImageMapView.h */,
				ABA22EA82508D7C20017C311 /* NAPinAnnotationView.m */,
				ABA22EA92508D7C20017C311 /* NAMapView.m */,
				ABA22EAA2508D7C20017C311 /* pin_green_floating.png */,
				ABA22EAB2508D7C20017C311 /* NAPinAnnotation.h */,
				ABA22EAC2508D7C20017C311 /* pin_purple_floating@2x.png */,
				ABA22EAD2508D7C20017C311 /* callout_anchor.png */,
				ABA22EAE2508D7C20017C311 /* callout_anchor@2x.png */,
				ABA22EAF2508D7C20017C311 /* pin_green@2x.png */,
				ABA22EB02508D7C20017C311 /* NADotAnnotation.m */,
				ABA22EB12508D7C20017C311 /* pin_red_floating@2x.png */,
				ABA22EB22508D7C20017C311 /* NAPinAnnotationCallOutView.h */,
				ABA22EB32508D7C20017C311 /* pin_green.png */,
				ABA22EB42508D7C20017C311 /* NAAnnotation.h */,
				ABA22EB52508D7C20017C311 /* pin_red@2x.png */,
			);
			path = NAMapKit;
			sourceTree = "<group>";
		};
		ABA22EB62508D7C20017C311 /* LJKMap */ = {
			isa = PBXGroup;
			children = (
				ABA22EB72508D7C20017C311 /* JXPCPinAnnotationCallOutView.m */,
				ABA22EB82508D7C20017C311 /* JXPCPinAnnotationCallOutView.xib */,
				ABA22EB92508D7C20017C311 /* LJKPinAnnotationMapView.m */,
				ABA22EBA2508D7C20017C311 /* LJKPinAnnotationView.h */,
				ABA22EBB2508D7C20017C311 /* LJKPinAnnotation.h */,
				ABA22EBC2508D7C20017C311 /* LJKPinAnnotationCallOutView.h */,
				ABA22EBD2508D7C20017C311 /* LJKPinAnnotationCallOutView.xib */,
				ABA22EBE2508D7C20017C311 /* LJKPinAnnotationView.m */,
				ABA22EBF2508D7C20017C311 /* LJKPinAnnotationMapView.h */,
				ABA22EC02508D7C20017C311 /* JXPCPinAnnotationCallOutView.h */,
				ABA22EC12508D7C20017C311 /* LJKPinAnnotationCallOutView.m */,
				ABA22EC22508D7C20017C311 /* LJKPinAnnotation.m */,
			);
			path = LJKMap;
			sourceTree = "<group>";
		};
		ABA22EC32508D7C20017C311 /* 工具类 */ = {
			isa = PBXGroup;
			children = (
				ABA22F092508DB070017C311 /* UIView+TBFrame.h */,
				ABA22F0A2508DB070017C311 /* UIView+TBFrame.m */,
				ABA22EC42508D7C20017C311 /* UIView+ViewLayer.h */,
				ABA22EC52508D7C20017C311 /* CalculatorLocationTool.m */,
				ABA22EC62508D7C20017C311 /* UIView+ViewLayer.m */,
				ABA22EC72508D7C20017C311 /* CalculatorLocationTool.h */,
				AB3A2EE6250A0D1B007F6306 /* HSDownloadManager */,
				ABA22F022508DAC70017C311 /* 按钮边距 */,
				AB3A2EE2250A0C4D007F6306 /* VC返回按钮 */,
			);
			path = "工具类";
			sourceTree = "<group>";
		};
		ABA22EC82508D7C20017C311 /* ARTiledImageView */ = {
			isa = PBXGroup;
			children = (
				ABA22EC92508D7C20017C311 /* Classes */,
			);
			path = ARTiledImageView;
			sourceTree = "<group>";
		};
		ABA22EC92508D7C20017C311 /* Classes */ = {
			isa = PBXGroup;
			children = (
				ABA22ECA2508D7C20017C311 /* ARTile.m */,
				ABA22ECB2508D7C20017C311 /* ARTiledImageScrollView.m */,
				ABA22ECC2508D7C20017C311 /* ARTiledImageView.m */,
				ABA22ECD2508D7C20017C311 /* ARLocalTiledImageDataSource.m */,
				ABA22ECE2508D7C20017C311 /* ARWebTiledImageDataSource.m */,
				ABA22ECF2508D7C20017C311 /* ARTile.h */,
				ABA22ED02508D7C20017C311 /* ARTiledImageViewDataSource.h */,
				ABA22ED12508D7C20017C311 /* ARTiledImageScrollView.h */,
				ABA22ED22508D7C20017C311 /* ARWebTiledImageDataSource.h */,
				ABA22ED32508D7C20017C311 /* ARTiledImageView.h */,
				ABA22ED42508D7C20017C311 /* ARLocalTiledImageDataSource.h */,
			);
			path = Classes;
			sourceTree = "<group>";
		};
		ABA22F022508DAC70017C311 /* 按钮边距 */ = {
			isa = PBXGroup;
			children = (
				ABA22F032508DAC70017C311 /* UIButton+SSEdgeInsets.m */,
				ABA22F042508DAC70017C311 /* JXPCEdgeInsets.h */,
				ABA22F052508DAC70017C311 /* UIButton+SSEdgeInsets.h */,
				ABA22F062508DAC70017C311 /* JXPCEdgeInsets.m */,
			);
			path = "按钮边距";
			sourceTree = "<group>";
		};
		ABA22F0C250A09500017C311 /* Model */ = {
			isa = PBXGroup;
			children = (
				ABA22F0D250A09500017C311 /* JXPCScenicPointModel.h */,
				ABA22F0E250A09500017C311 /* JXPCLineNameModel.m */,
				ABA22F0F250A09500017C311 /* JXPCVoiceListModel.h */,
				ABA22F10250A09500017C311 /* JXPCLineScenicModel.m */,
				ABA22F11250A09500017C311 /* JXPCLinePointModel.h */,
				ABA22F12250A09500017C311 /* JXPCFacilityModel.m */,
				ABA22F13250A09500017C311 /* JXPCLineNameModel.h */,
				ABA22F14250A09500017C311 /* JXPCScenicPointModel.m */,
				ABA22F15250A09500017C311 /* JXPCLineScenicModel.h */,
				ABA22F16250A09500017C311 /* JXPCVoiceListModel.m */,
				ABA22F17250A09500017C311 /* JXPCLinePointModel.m */,
				ABA22F18250A09500017C311 /* JXPCFacilityModel.h */,
			);
			path = Model;
			sourceTree = "<group>";
		};
		ABA22F19250A09500017C311 /* ViewController */ = {
			isa = PBXGroup;
			children = (
				ABA22F3F250A09BC0017C311 /* BaseViewController */,
				ABA22F1B250A09500017C311 /* JXPCDownVoiceViewController.h */,
				ABA22F1C250A09500017C311 /* JXPCDownNoVoiceViewController.m */,
				ABA22F1F250A09500017C311 /* JXPCDownVoiceViewController.m */,
				ABA22F20250A09500017C311 /* JXPCDownNoVoiceViewController.h */,
			);
			path = ViewController;
			sourceTree = "<group>";
		};
		ABA22F22250A09500017C311 /* View */ = {
			isa = PBXGroup;
			children = (
				ABA22F23250A09500017C311 /* JXPCDownVoiceTableViewCell.m */,
				ABA22F24250A09500017C311 /* JXPCMapVoiceTableViewCell.xib */,
				ABA22F25250A09500017C311 /* JXPCMapVoiceTableViewCell.m */,
				ABA22F26250A09500017C311 /* JXPCMapNormalTableViewCell.m */,
				ABA22F27250A09500017C311 /* JXPCMapBottomView.h */,
				ABA22F28250A09500017C311 /* JXPCDownVoiceTableViewCell.h */,
				ABA22F29250A09500017C311 /* JXPCDownVoiceTableViewCell.xib */,
				ABA22F2A250A09500017C311 /* JXPCMapVoiceTableViewCell.h */,
				ABA22F2B250A09500017C311 /* JXPCMapBottomView.m */,
				ABA22F2C250A09500017C311 /* JXPCMapNormalTableViewCell.xib */,
				ABA22F2D250A09500017C311 /* JXPCMapNormalTableViewCell.h */,
			);
			path = View;
			sourceTree = "<group>";
		};
		ABA22F3F250A09BC0017C311 /* BaseViewController */ = {
			isa = PBXGroup;
			children = (
				ABA22F40250A09BC0017C311 /* TBBaseViewController.h */,
				ABA22F41250A09BC0017C311 /* TBBaseViewController.m */,
			);
			path = BaseViewController;
			sourceTree = "<group>";
		};
/* End PBXGroup section */

/* Begin PBXNativeTarget section */
		ABA22E532508CA640017C311 /* HYFGraphicMap */ = {
			isa = PBXNativeTarget;
			buildConfigurationList = ABA22E832508CA690017C311 /* Build configuration list for PBXNativeTarget "HYFGraphicMap" */;
			buildPhases = (
				B3F4ED80A5535F87578C9F3D /* [CP] Check Pods Manifest.lock */,
				ABA22E502508CA640017C311 /* Sources */,
				ABA22E512508CA640017C311 /* Frameworks */,
				ABA22E522508CA640017C311 /* Resources */,
				76E25C03F3D508B0E86C16F1 /* [CP] Embed Pods Frameworks */,
			);
			buildRules = (
			);
			dependencies = (
			);
			name = HYFGraphicMap;
			productName = HYFGraphicMap;
			productReference = ABA22E542508CA640017C311 /* HYFGraphicMap.app */;
			productType = "com.apple.product-type.application";
		};
		ABA22E6E2508CA690017C311 /* HYFGraphicMapTests */ = {
			isa = PBXNativeTarget;
			buildConfigurationList = ABA22E862508CA690017C311 /* Build configuration list for PBXNativeTarget "HYFGraphicMapTests" */;
			buildPhases = (
				7B22DD8E9A7BBAC8BCE7D495 /* [CP] Check Pods Manifest.lock */,
				ABA22E6B2508CA690017C311 /* Sources */,
				ABA22E6C2508CA690017C311 /* Frameworks */,
				ABA22E6D2508CA690017C311 /* Resources */,
			);
			buildRules = (
			);
			dependencies = (
				ABA22E712508CA690017C311 /* PBXTargetDependency */,
			);
			name = HYFGraphicMapTests;
			productName = HYFGraphicMapTests;
			productReference = ABA22E6F2508CA690017C311 /* HYFGraphicMapTests.xctest */;
			productType = "com.apple.product-type.bundle.unit-test";
		};
		ABA22E792508CA690017C311 /* HYFGraphicMapUITests */ = {
			isa = PBXNativeTarget;
			buildConfigurationList = ABA22E892508CA690017C311 /* Build configuration list for PBXNativeTarget "HYFGraphicMapUITests" */;
			buildPhases = (
				1924B45929E52F49E0FCB3C4 /* [CP] Check Pods Manifest.lock */,
				ABA22E762508CA690017C311 /* Sources */,
				ABA22E772508CA690017C311 /* Frameworks */,
				ABA22E782508CA690017C311 /* Resources */,
				08BECCC06CD879933923C793 /* [CP] Embed Pods Frameworks */,
			);
			buildRules = (
			);
			dependencies = (
				ABA22E7C2508CA690017C311 /* PBXTargetDependency */,
			);
			name = HYFGraphicMapUITests;
			productName = HYFGraphicMapUITests;
			productReference = ABA22E7A2508CA690017C311 /* HYFGraphicMapUITests.xctest */;
			productType = "com.apple.product-type.bundle.ui-testing";
		};
/* End PBXNativeTarget section */

/* Begin PBXProject section */
		ABA22E4C2508CA640017C311 /* Project object */ = {
			isa = PBXProject;
			attributes = {
				LastUpgradeCheck = 1110;
				ORGANIZATIONNAME = heyafei;
				TargetAttributes = {
					ABA22E532508CA640017C311 = {
						CreatedOnToolsVersion = 11.1;
					};
					ABA22E6E2508CA690017C311 = {
						CreatedOnToolsVersion = 11.1;
						TestTargetID = ABA22E532508CA640017C311;
					};
					ABA22E792508CA690017C311 = {
						CreatedOnToolsVersion = 11.1;
						TestTargetID = ABA22E532508CA640017C311;
					};
				};
			};
			buildConfigurationList = ABA22E4F2508CA640017C311 /* Build configuration list for PBXProject "HYFGraphicMap" */;
			compatibilityVersion = "Xcode 9.3";
			developmentRegion = en;
			hasScannedForEncodings = 0;
			knownRegions = (
				en,
				Base,
			);
			mainGroup = ABA22E4B2508CA640017C311;
			productRefGroup = ABA22E552508CA640017C311 /* Products */;
			projectDirPath = "";
			projectRoot = "";
			targets = (
				ABA22E532508CA640017C311 /* HYFGraphicMap */,
				ABA22E6E2508CA690017C311 /* HYFGraphicMapTests */,
				ABA22E792508CA690017C311 /* HYFGraphicMapUITests */,
			);
		};
/* End PBXProject section */

/* Begin PBXResourcesBuildPhase section */
		ABA22E522508CA640017C311 /* Resources */ = {
			isa = PBXResourcesBuildPhase;
			buildActionMask = 2147483647;
			files = (
				ABA22EEA2508D7C20017C311 /* pin_purple_floating@2x.png in Resources */,
				ABA22EE12508D7C20017C311 /* pin_green_floating@2x.png in Resources */,
				ABA22E672508CA690017C311 /* LaunchScreen.storyboard in Resources */,
				ABA22E642508CA690017C311 /* Assets.xcassets in Resources */,
				AB8C7ACB250B5246007576BA /* VoiceListData1.json in Resources */,
				ABA22EE92508D7C20017C311 /* pin_green_floating.png in Resources */,
				ABA22F39250A09500017C311 /* JXPCMapVoiceTableViewCell.xib in Resources */,
				AB8C7AC9250B50A5007576BA /* VoiceData.json in Resources */,
				ABA22EE22508D7C20017C311 /* callout_right.png in Resources */,
				ABA22EEF2508D7C20017C311 /* pin_red_floating@2x.png in Resources */,
				ABA22EF12508D7C20017C311 /* pin_red@2x.png in Resources */,
				ABA22EDE2508D7C20017C311 /* callout_left@2x.png in Resources */,
				ABA22EDF2508D7C20017C311 /* callout_left.png in Resources */,
				ABA22EEC2508D7C20017C311 /* callout_anchor@2x.png in Resources */,
				AB8C7AC5250B4FFF007576BA /* facility.json in Resources */,
				ABA22EDA2508D7C20017C311 /* callout_bg@2x.png in Resources */,
				ABA22F3C250A09500017C311 /* JXPCDownVoiceTableViewCell.xib in Resources */,
				ABA22EDD2508D7C20017C311 /* pin_purple@2x.png in Resources */,
				ABA22F3E250A09500017C311 /* JXPCMapNormalTableViewCell.xib in Resources */,
				ABA22ED82508D7C20017C311 /* pin_purple_floating.png in Resources */,
				ABA22ED62508D7C20017C311 /* callout_right@2x.png in Resources */,
				ABA22E622508CA650017C311 /* Main.storyboard in Resources */,
				ABA22EEB2508D7C20017C311 /* callout_anchor.png in Resources */,
				AB8C7ABE250B1B89007576BA /* scenicData.json in Resources */,
				ABA22EDB2508D7C20017C311 /* callout_bg.png in Resources */,
				ABA22EED2508D7C20017C311 /* pin_green@2x.png in Resources */,
				ABA22EE42508D7C20017C311 /* pin_purple.png in Resources */,
				ABA22F002508D7C20017C311 /* yy_play@3x.gif in Resources */,
				ABA22EF02508D7C20017C311 /* pin_green.png in Resources */,
				ABA22EDC2508D7C20017C311 /* pin_red.png in Resources */,
				ABA22EF32508D7C20017C311 /* JXPCPinAnnotationCallOutView.xib in Resources */,
				ABA22EF52508D7C20017C311 /* LJKPinAnnotationCallOutView.xib in Resources */,
				ABA22EE02508D7C20017C311 /* pin_red_floating.png in Resources */,
			);
			runOnlyForDeploymentPostprocessing = 0;
		};
		ABA22E6D2508CA690017C311 /* Resources */ = {
			isa = PBXResourcesBuildPhase;
			buildActionMask = 2147483647;
			files = (
			);
			runOnlyForDeploymentPostprocessing = 0;
		};
		ABA22E782508CA690017C311 /* Resources */ = {
			isa = PBXResourcesBuildPhase;
			buildActionMask = 2147483647;
			files = (
			);
			runOnlyForDeploymentPostprocessing = 0;
		};
/* End PBXResourcesBuildPhase section */

/* Begin PBXShellScriptBuildPhase section */
		08BECCC06CD879933923C793 /* [CP] Embed Pods Frameworks */ = {
			isa = PBXShellScriptBuildPhase;
			buildActionMask = 2147483647;
			files = (
			);
			inputFileListPaths = (
				"${PODS_ROOT}/Target Support Files/Pods-HYFGraphicMap-HYFGraphicMapUITests/Pods-HYFGraphicMap-HYFGraphicMapUITests-frameworks-${CONFIGURATION}-input-files.xcfilelist",
			);
			name = "[CP] Embed Pods Frameworks";
			outputFileListPaths = (
				"${PODS_ROOT}/Target Support Files/Pods-HYFGraphicMap-HYFGraphicMapUITests/Pods-HYFGraphicMap-HYFGraphicMapUITests-frameworks-${CONFIGURATION}-output-files.xcfilelist",
			);
			runOnlyForDeploymentPostprocessing = 0;
			shellPath = /bin/sh;
			shellScript = "\"${PODS_ROOT}/Target Support Files/Pods-HYFGraphicMap-HYFGraphicMapUITests/Pods-HYFGraphicMap-HYFGraphicMapUITests-frameworks.sh\"\n";
			showEnvVarsInLog = 0;
		};
		1924B45929E52F49E0FCB3C4 /* [CP] Check Pods Manifest.lock */ = {
			isa = PBXShellScriptBuildPhase;
			buildActionMask = 2147483647;
			files = (
			);
			inputFileListPaths = (
			);
			inputPaths = (
				"${PODS_PODFILE_DIR_PATH}/Podfile.lock",
				"${PODS_ROOT}/Manifest.lock",
			);
			name = "[CP] Check Pods Manifest.lock";
			outputFileListPaths = (
			);
			outputPaths = (
				"$(DERIVED_FILE_DIR)/Pods-HYFGraphicMap-HYFGraphicMapUITests-checkManifestLockResult.txt",
			);
			runOnlyForDeploymentPostprocessing = 0;
			shellPath = /bin/sh;
			shellScript = "diff \"${PODS_PODFILE_DIR_PATH}/Podfile.lock\" \"${PODS_ROOT}/Manifest.lock\" > /dev/null\nif [ $? != 0 ] ; then\n    # print error to STDERR\n    echo \"error: The sandbox is not in sync with the Podfile.lock. Run 'pod install' or update your CocoaPods installation.\" >&2\n    exit 1\nfi\n# This output is used by Xcode 'outputs' to avoid re-running this script phase.\necho \"SUCCESS\" > \"${SCRIPT_OUTPUT_FILE_0}\"\n";
			showEnvVarsInLog = 0;
		};
		76E25C03F3D508B0E86C16F1 /* [CP] Embed Pods Frameworks */ = {
			isa = PBXShellScriptBuildPhase;
			buildActionMask = 2147483647;
			files = (
			);
			inputFileListPaths = (
				"${PODS_ROOT}/Target Support Files/Pods-HYFGraphicMap/Pods-HYFGraphicMap-frameworks-${CONFIGURATION}-input-files.xcfilelist",
			);
			name = "[CP] Embed Pods Frameworks";
			outputFileListPaths = (
				"${PODS_ROOT}/Target Support Files/Pods-HYFGraphicMap/Pods-HYFGraphicMap-frameworks-${CONFIGURATION}-output-files.xcfilelist",
			);
			runOnlyForDeploymentPostprocessing = 0;
			shellPath = /bin/sh;
			shellScript = "\"${PODS_ROOT}/Target Support Files/Pods-HYFGraphicMap/Pods-HYFGraphicMap-frameworks.sh\"\n";
			showEnvVarsInLog = 0;
		};
		7B22DD8E9A7BBAC8BCE7D495 /* [CP] Check Pods Manifest.lock */ = {
			isa = PBXShellScriptBuildPhase;
			buildActionMask = 2147483647;
			files = (
			);
			inputFileListPaths = (
			);
			inputPaths = (
				"${PODS_PODFILE_DIR_PATH}/Podfile.lock",
				"${PODS_ROOT}/Manifest.lock",
			);
			name = "[CP] Check Pods Manifest.lock";
			outputFileListPaths = (
			);
			outputPaths = (
				"$(DERIVED_FILE_DIR)/Pods-HYFGraphicMapTests-checkManifestLockResult.txt",
			);
			runOnlyForDeploymentPostprocessing = 0;
			shellPath = /bin/sh;
			shellScript = "diff \"${PODS_PODFILE_DIR_PATH}/Podfile.lock\" \"${PODS_ROOT}/Manifest.lock\" > /dev/null\nif [ $? != 0 ] ; then\n    # print error to STDERR\n    echo \"error: The sandbox is not in sync with the Podfile.lock. Run 'pod install' or update your CocoaPods installation.\" >&2\n    exit 1\nfi\n# This output is used by Xcode 'outputs' to avoid re-running this script phase.\necho \"SUCCESS\" > \"${SCRIPT_OUTPUT_FILE_0}\"\n";
			showEnvVarsInLog = 0;
		};
		B3F4ED80A5535F87578C9F3D /* [CP] Check Pods Manifest.lock */ = {
			isa = PBXShellScriptBuildPhase;
			buildActionMask = 2147483647;
			files = (
			);
			inputFileListPaths = (
			);
			inputPaths = (
				"${PODS_PODFILE_DIR_PATH}/Podfile.lock",
				"${PODS_ROOT}/Manifest.lock",
			);
			name = "[CP] Check Pods Manifest.lock";
			outputFileListPaths = (
			);
			outputPaths = (
				"$(DERIVED_FILE_DIR)/Pods-HYFGraphicMap-checkManifestLockResult.txt",
			);
			runOnlyForDeploymentPostprocessing = 0;
			shellPath = /bin/sh;
			shellScript = "diff \"${PODS_PODFILE_DIR_PATH}/Podfile.lock\" \"${PODS_ROOT}/Manifest.lock\" > /dev/null\nif [ $? != 0 ] ; then\n    # print error to STDERR\n    echo \"error: The sandbox is not in sync with the Podfile.lock. Run 'pod install' or update your CocoaPods installation.\" >&2\n    exit 1\nfi\n# This output is used by Xcode 'outputs' to avoid re-running this script phase.\necho \"SUCCESS\" > \"${SCRIPT_OUTPUT_FILE_0}\"\n";
			showEnvVarsInLog = 0;
		};
/* End PBXShellScriptBuildPhase section */

/* Begin PBXSourcesBuildPhase section */
		ABA22E502508CA640017C311 /* Sources */ = {
			isa = PBXSourcesBuildPhase;
			buildActionMask = 2147483647;
			files = (
				AB3A2EE5250A0C4D007F6306 /* UIFactory.m in Sources */,
				ABA22ED92508D7C20017C311 /* NAPinAnnotation.m in Sources */,
				ABA22E8E2508D7780017C311 /* HYFMapViewController.m in Sources */,
				ABA22EF42508D7C20017C311 /* LJKPinAnnotationMapView.m in Sources */,
				AB3A2EF0250A0D1B007F6306 /* HSDownloadManager.m in Sources */,
				ABA22F3D250A09500017C311 /* JXPCMapBottomView.m in Sources */,
				ABA22F2F250A09500017C311 /* JXPCLineScenicModel.m in Sources */,
				ABA22EFD2508D7C20017C311 /* ARTiledImageView.m in Sources */,
				ABA22EFB2508D7C20017C311 /* ARTile.m in Sources */,
				ABA22F2E250A09500017C311 /* JXPCLineNameModel.m in Sources */,
				ABA22F42250A09BD0017C311 /* TBBaseViewController.m in Sources */,
				ABA22F30250A09500017C311 /* JXPCFacilityModel.m in Sources */,
				ABA22EE82508D7C20017C311 /* NAMapView.m in Sources */,
				ABA22EF82508D7C20017C311 /* LJKPinAnnotation.m in Sources */,
				ABA22F3A250A09500017C311 /* JXPCMapVoiceTableViewCell.m in Sources */,
				ABA22ED72508D7C20017C311 /* NATiledImageMapView.m in Sources */,
				AB3A2EEF250A0D1B007F6306 /* NSString+Hash.m in Sources */,
				ABA22EE72508D7C20017C311 /* NAPinAnnotationView.m in Sources */,
				ABA22EE62508D7C20017C311 /* NAPinAnnotationMapView.m in Sources */,
				ABA22F33250A09500017C311 /* JXPCLinePointModel.m in Sources */,
				ABA22F34250A09500017C311 /* JXPCDownNoVoiceViewController.m in Sources */,
				ABA22F072508DAC70017C311 /* UIButton+SSEdgeInsets.m in Sources */,
				AB3A2EEE250A0D1B007F6306 /* HSSessionModel.m in Sources */,
				ABA22F082508DAC70017C311 /* JXPCEdgeInsets.m in Sources */,
				ABA22EFC2508D7C20017C311 /* ARTiledImageScrollView.m in Sources */,
				ABA22EE32508D7C20017C311 /* NAAnnotation.m in Sources */,
				ABA22E5F2508CA650017C311 /* ViewController.m in Sources */,
				ABA22F32250A09500017C311 /* JXPCVoiceListModel.m in Sources */,
				ABA22EE52508D7C20017C311 /* NAPinAnnotationCallOutView.m in Sources */,
				ABA22EFE2508D7C20017C311 /* ARLocalTiledImageDataSource.m in Sources */,
				ABA22E592508CA640017C311 /* AppDelegate.m in Sources */,
				ABA22E6A2508CA690017C311 /* main.m in Sources */,
				ABA22F38250A09500017C311 /* JXPCDownVoiceTableViewCell.m in Sources */,
				ABA22F31250A09500017C311 /* JXPCScenicPointModel.m in Sources */,
				ABA22EF72508D7C20017C311 /* LJKPinAnnotationCallOutView.m in Sources */,
				ABA22F0B2508DB070017C311 /* UIView+TBFrame.m in Sources */,
				ABA22F37250A09500017C311 /* JXPCDownVoiceViewController.m in Sources */,
				ABA22F3B250A09500017C311 /* JXPCMapNormalTableViewCell.m in Sources */,
				ABA22EF22508D7C20017C311 /* JXPCPinAnnotationCallOutView.m in Sources */,
				ABA22E5C2508CA650017C311 /* SceneDelegate.m in Sources */,
				ABA22EFF2508D7C20017C311 /* ARWebTiledImageDataSource.m in Sources */,
				ABA22EF92508D7C20017C311 /* CalculatorLocationTool.m in Sources */,
				ABA22EFA2508D7C20017C311 /* UIView+ViewLayer.m in Sources */,
				ABA22EEE2508D7C20017C311 /* NADotAnnotation.m in Sources */,
				ABA22EF62508D7C20017C311 /* LJKPinAnnotationView.m in Sources */,
			);
			runOnlyForDeploymentPostprocessing = 0;
		};
		ABA22E6B2508CA690017C311 /* Sources */ = {
			isa = PBXSourcesBuildPhase;
			buildActionMask = 2147483647;
			files = (
				ABA22E742508CA690017C311 /* HYFGraphicMapTests.m in Sources */,
			);
			runOnlyForDeploymentPostprocessing = 0;
		};
		ABA22E762508CA690017C311 /* Sources */ = {
			isa = PBXSourcesBuildPhase;
			buildActionMask = 2147483647;
			files = (
				ABA22E7F2508CA690017C311 /* HYFGraphicMapUITests.m in Sources */,
			);
			runOnlyForDeploymentPostprocessing = 0;
		};
/* End PBXSourcesBuildPhase section */

/* Begin PBXTargetDependency section */
		ABA22E712508CA690017C311 /* PBXTargetDependency */ = {
			isa = PBXTargetDependency;
			target = ABA22E532508CA640017C311 /* HYFGraphicMap */;
			targetProxy = ABA22E702508CA690017C311 /* PBXContainerItemProxy */;
		};
		ABA22E7C2508CA690017C311 /* PBXTargetDependency */ = {
			isa = PBXTargetDependency;
			target = ABA22E532508CA640017C311 /* HYFGraphicMap */;
			targetProxy = ABA22E7B2508CA690017C311 /* PBXContainerItemProxy */;
		};
/* End PBXTargetDependency section */

/* Begin PBXVariantGroup section */
		ABA22E602508CA650017C311 /* Main.storyboard */ = {
			isa = PBXVariantGroup;
			children = (
				ABA22E612508CA650017C311 /* Base */,
			);
			name = Main.storyboard;
			sourceTree = "<group>";
		};
		ABA22E652508CA690017C311 /* LaunchScreen.storyboard */ = {
			isa = PBXVariantGroup;
			children = (
				ABA22E662508CA690017C311 /* Base */,
			);
			name = LaunchScreen.storyboard;
			sourceTree = "<group>";
		};
/* End PBXVariantGroup section */

/* Begin XCBuildConfiguration section */
		ABA22E812508CA690017C311 /* Debug */ = {
			isa = XCBuildConfiguration;
			buildSettings = {
				ALWAYS_SEARCH_USER_PATHS = NO;
				CLANG_ANALYZER_NONNULL = YES;
				CLANG_ANALYZER_NUMBER_OBJECT_CONVERSION = YES_AGGRESSIVE;
				CLANG_CXX_LANGUAGE_STANDARD = "gnu++14";
				CLANG_CXX_LIBRARY = "libc++";
				CLANG_ENABLE_MODULES = YES;
				CLANG_ENABLE_OBJC_ARC = YES;
				CLANG_ENABLE_OBJC_WEAK = YES;
				CLANG_WARN_BLOCK_CAPTURE_AUTORELEASING = YES;
				CLANG_WARN_BOOL_CONVERSION = YES;
				CLANG_WARN_COMMA = YES;
				CLANG_WARN_CONSTANT_CONVERSION = YES;
				CLANG_WARN_DEPRECATED_OBJC_IMPLEMENTATIONS = YES;
				CLANG_WARN_DIRECT_OBJC_ISA_USAGE = YES_ERROR;
				CLANG_WARN_DOCUMENTATION_COMMENTS = YES;
				CLANG_WARN_EMPTY_BODY = YES;
				CLANG_WARN_ENUM_CONVERSION = YES;
				CLANG_WARN_INFINITE_RECURSION = YES;
				CLANG_WARN_INT_CONVERSION = YES;
				CLANG_WARN_NON_LITERAL_NULL_CONVERSION = YES;
				CLANG_WARN_OBJC_IMPLICIT_RETAIN_SELF = YES;
				CLANG_WARN_OBJC_LITERAL_CONVERSION = YES;
				CLANG_WARN_OBJC_ROOT_CLASS = YES_ERROR;
				CLANG_WARN_RANGE_LOOP_ANALYSIS = YES;
				CLANG_WARN_STRICT_PROTOTYPES = YES;
				CLANG_WARN_SUSPICIOUS_MOVE = YES;
				CLANG_WARN_UNGUARDED_AVAILABILITY = YES_AGGRESSIVE;
				CLANG_WARN_UNREACHABLE_CODE = YES;
				CLANG_WARN__DUPLICATE_METHOD_MATCH = YES;
				COPY_PHASE_STRIP = NO;
				DEBUG_INFORMATION_FORMAT = dwarf;
				ENABLE_STRICT_OBJC_MSGSEND = YES;
				ENABLE_TESTABILITY = YES;
				GCC_C_LANGUAGE_STANDARD = gnu11;
				GCC_DYNAMIC_NO_PIC = NO;
				GCC_NO_COMMON_BLOCKS = YES;
				GCC_OPTIMIZATION_LEVEL = 0;
				GCC_PREPROCESSOR_DEFINITIONS = (
					"DEBUG=1",
					"$(inherited)",
				);
				GCC_WARN_64_TO_32_BIT_CONVERSION = YES;
				GCC_WARN_ABOUT_RETURN_TYPE = YES_ERROR;
				GCC_WARN_UNDECLARED_SELECTOR = YES;
				GCC_WARN_UNINITIALIZED_AUTOS = YES_AGGRESSIVE;
				GCC_WARN_UNUSED_FUNCTION = YES;
				GCC_WARN_UNUSED_VARIABLE = YES;
				IPHONEOS_DEPLOYMENT_TARGET = 13.1;
				MTL_ENABLE_DEBUG_INFO = INCLUDE_SOURCE;
				MTL_FAST_MATH = YES;
				ONLY_ACTIVE_ARCH = YES;
				SDKROOT = iphoneos;
			};
			name = Debug;
		};
		ABA22E822508CA690017C311 /* Release */ = {
			isa = XCBuildConfiguration;
			buildSettings = {
				ALWAYS_SEARCH_USER_PATHS = NO;
				CLANG_ANALYZER_NONNULL = YES;
				CLANG_ANALYZER_NUMBER_OBJECT_CONVERSION = YES_AGGRESSIVE;
				CLANG_CXX_LANGUAGE_STANDARD = "gnu++14";
				CLANG_CXX_LIBRARY = "libc++";
				CLANG_ENABLE_MODULES = YES;
				CLANG_ENABLE_OBJC_ARC = YES;
				CLANG_ENABLE_OBJC_WEAK = YES;
				CLANG_WARN_BLOCK_CAPTURE_AUTORELEASING = YES;
				CLANG_WARN_BOOL_CONVERSION = YES;
				CLANG_WARN_COMMA = YES;
				CLANG_WARN_CONSTANT_CONVERSION = YES;
				CLANG_WARN_DEPRECATED_OBJC_IMPLEMENTATIONS = YES;
				CLANG_WARN_DIRECT_OBJC_ISA_USAGE = YES_ERROR;
				CLANG_WARN_DOCUMENTATION_COMMENTS = YES;
				CLANG_WARN_EMPTY_BODY = YES;
				CLANG_WARN_ENUM_CONVERSION = YES;
				CLANG_WARN_INFINITE_RECURSION = YES;
				CLANG_WARN_INT_CONVERSION = YES;
				CLANG_WARN_NON_LITERAL_NULL_CONVERSION = YES;
				CLANG_WARN_OBJC_IMPLICIT_RETAIN_SELF = YES;
				CLANG_WARN_OBJC_LITERAL_CONVERSION = YES;
				CLANG_WARN_OBJC_ROOT_CLASS = YES_ERROR;
				CLANG_WARN_RANGE_LOOP_ANALYSIS = YES;
				CLANG_WARN_STRICT_PROTOTYPES = YES;
				CLANG_WARN_SUSPICIOUS_MOVE = YES;
				CLANG_WARN_UNGUARDED_AVAILABILITY = YES_AGGRESSIVE;
				CLANG_WARN_UNREACHABLE_CODE = YES;
				CLANG_WARN__DUPLICATE_METHOD_MATCH = YES;
				COPY_PHASE_STRIP = NO;
				DEBUG_INFORMATION_FORMAT = "dwarf-with-dsym";
				ENABLE_NS_ASSERTIONS = NO;
				ENABLE_STRICT_OBJC_MSGSEND = YES;
				GCC_C_LANGUAGE_STANDARD = gnu11;
				GCC_NO_COMMON_BLOCKS = YES;
				GCC_WARN_64_TO_32_BIT_CONVERSION = YES;
				GCC_WARN_ABOUT_RETURN_TYPE = YES_ERROR;
				GCC_WARN_UNDECLARED_SELECTOR = YES;
				GCC_WARN_UNINITIALIZED_AUTOS = YES_AGGRESSIVE;
				GCC_WARN_UNUSED_FUNCTION = YES;
				GCC_WARN_UNUSED_VARIABLE = YES;
				IPHONEOS_DEPLOYMENT_TARGET = 13.1;
				MTL_ENABLE_DEBUG_INFO = NO;
				MTL_FAST_MATH = YES;
				SDKROOT = iphoneos;
				VALIDATE_PRODUCT = YES;
			};
			name = Release;
		};
		ABA22E842508CA690017C311 /* Debug */ = {
			isa = XCBuildConfiguration;
			baseConfigurationReference = AD480C8221F35A101AB11710 /* Pods-HYFGraphicMap.debug.xcconfig */;
			buildSettings = {
				ASSETCATALOG_COMPILER_APPICON_NAME = AppIcon;
				CODE_SIGN_STYLE = Automatic;
				DEVELOPMENT_TEAM = RB7GBVJD8Q;
				GCC_PRECOMPILE_PREFIX_HEADER = YES;
				GCC_PREFIX_HEADER = "$(SRCROOT)/HYFGraphicMap/HYFPrefixHeader.pch";
				INFOPLIST_FILE = HYFGraphicMap/Info.plist;
				LD_RUNPATH_SEARCH_PATHS = (
					"$(inherited)",
					"@executable_path/Frameworks",
				);
				PRODUCT_BUNDLE_IDENTIFIER = com.HYFGraphicMap.www.HYFGraphicMap;
				PRODUCT_NAME = "$(TARGET_NAME)";
				TARGETED_DEVICE_FAMILY = "1,2";
			};
			name = Debug;
		};
		ABA22E852508CA690017C311 /* Release */ = {
			isa = XCBuildConfiguration;
			baseConfigurationReference = 9FB48C66CC7764FED27B3CFE /* Pods-HYFGraphicMap.release.xcconfig */;
			buildSettings = {
				ASSETCATALOG_COMPILER_APPICON_NAME = AppIcon;
				CODE_SIGN_STYLE = Automatic;
				DEVELOPMENT_TEAM = RB7GBVJD8Q;
				GCC_PRECOMPILE_PREFIX_HEADER = YES;
				GCC_PREFIX_HEADER = "$(SRCROOT)/HYFGraphicMap/HYFPrefixHeader.pch";
				INFOPLIST_FILE = HYFGraphicMap/Info.plist;
				LD_RUNPATH_SEARCH_PATHS = (
					"$(inherited)",
					"@executable_path/Frameworks",
				);
				PRODUCT_BUNDLE_IDENTIFIER = com.HYFGraphicMap.www.HYFGraphicMap;
				PRODUCT_NAME = "$(TARGET_NAME)";
				TARGETED_DEVICE_FAMILY = "1,2";
			};
			name = Release;
		};
		ABA22E872508CA690017C311 /* Debug */ = {
			isa = XCBuildConfiguration;
			baseConfigurationReference = 849860F9803F7270D1E49F45 /* Pods-HYFGraphicMapTests.debug.xcconfig */;
			buildSettings = {
				BUNDLE_LOADER = "$(TEST_HOST)";
				CODE_SIGN_STYLE = Automatic;
				DEVELOPMENT_TEAM = RB7GBVJD8Q;
				INFOPLIST_FILE = HYFGraphicMapTests/Info.plist;
				IPHONEOS_DEPLOYMENT_TARGET = 13.1;
				LD_RUNPATH_SEARCH_PATHS = (
					"$(inherited)",
					"@executable_path/Frameworks",
					"@loader_path/Frameworks",
				);
				PRODUCT_BUNDLE_IDENTIFIER = com.HYFGraphicMap.www.HYFGraphicMapTests;
				PRODUCT_NAME = "$(TARGET_NAME)";
				TARGETED_DEVICE_FAMILY = "1,2";
				TEST_HOST = "$(BUILT_PRODUCTS_DIR)/HYFGraphicMap.app/HYFGraphicMap";
			};
			name = Debug;
		};
		ABA22E882508CA690017C311 /* Release */ = {
			isa = XCBuildConfiguration;
			baseConfigurationReference = 3645F590796F0C040BDEB99F /* Pods-HYFGraphicMapTests.release.xcconfig */;
			buildSettings = {
				BUNDLE_LOADER = "$(TEST_HOST)";
				CODE_SIGN_STYLE = Automatic;
				DEVELOPMENT_TEAM = RB7GBVJD8Q;
				INFOPLIST_FILE = HYFGraphicMapTests/Info.plist;
				IPHONEOS_DEPLOYMENT_TARGET = 13.1;
				LD_RUNPATH_SEARCH_PATHS = (
					"$(inherited)",
					"@executable_path/Frameworks",
					"@loader_path/Frameworks",
				);
				PRODUCT_BUNDLE_IDENTIFIER = com.HYFGraphicMap.www.HYFGraphicMapTests;
				PRODUCT_NAME = "$(TARGET_NAME)";
				TARGETED_DEVICE_FAMILY = "1,2";
				TEST_HOST = "$(BUILT_PRODUCTS_DIR)/HYFGraphicMap.app/HYFGraphicMap";
			};
			name = Release;
		};
		ABA22E8A2508CA690017C311 /* Debug */ = {
			isa = XCBuildConfiguration;
			baseConfigurationReference = 17528975A68BFF3BDAB3C056 /* Pods-HYFGraphicMap-HYFGraphicMapUITests.debug.xcconfig */;
			buildSettings = {
				CODE_SIGN_STYLE = Automatic;
				DEVELOPMENT_TEAM = RB7GBVJD8Q;
				INFOPLIST_FILE = HYFGraphicMapUITests/Info.plist;
				LD_RUNPATH_SEARCH_PATHS = (
					"$(inherited)",
					"@executable_path/Frameworks",
					"@loader_path/Frameworks",
				);
				PRODUCT_BUNDLE_IDENTIFIER = com.HYFGraphicMap.www.HYFGraphicMapUITests;
				PRODUCT_NAME = "$(TARGET_NAME)";
				TARGETED_DEVICE_FAMILY = "1,2";
				TEST_TARGET_NAME = HYFGraphicMap;
			};
			name = Debug;
		};
		ABA22E8B2508CA690017C311 /* Release */ = {
			isa = XCBuildConfiguration;
			baseConfigurationReference = B9691EE5C56883EA5CE7B9D1 /* Pods-HYFGraphicMap-HYFGraphicMapUITests.release.xcconfig */;
			buildSettings = {
				CODE_SIGN_STYLE = Automatic;
				DEVELOPMENT_TEAM = RB7GBVJD8Q;
				INFOPLIST_FILE = HYFGraphicMapUITests/Info.plist;
				LD_RUNPATH_SEARCH_PATHS = (
					"$(inherited)",
					"@executable_path/Frameworks",
					"@loader_path/Frameworks",
				);
				PRODUCT_BUNDLE_IDENTIFIER = com.HYFGraphicMap.www.HYFGraphicMapUITests;
				PRODUCT_NAME = "$(TARGET_NAME)";
				TARGETED_DEVICE_FAMILY = "1,2";
				TEST_TARGET_NAME = HYFGraphicMap;
			};
			name = Release;
		};
/* End XCBuildConfiguration section */

/* Begin XCConfigurationList section */
		ABA22E4F2508CA640017C311 /* Build configuration list for PBXProject "HYFGraphicMap" */ = {
			isa = XCConfigurationList;
			buildConfigurations = (
				ABA22E812508CA690017C311 /* Debug */,
				ABA22E822508CA690017C311 /* Release */,
			);
			defaultConfigurationIsVisible = 0;
			defaultConfigurationName = Release;
		};
		ABA22E832508CA690017C311 /* Build configuration list for PBXNativeTarget "HYFGraphicMap" */ = {
			isa = XCConfigurationList;
			buildConfigurations = (
				ABA22E842508CA690017C311 /* Debug */,
				ABA22E852508CA690017C311 /* Release */,
			);
			defaultConfigurationIsVisible = 0;
			defaultConfigurationName = Release;
		};
		ABA22E862508CA690017C311 /* Build configuration list for PBXNativeTarget "HYFGraphicMapTests" */ = {
			isa = XCConfigurationList;
			buildConfigurations = (
				ABA22E872508CA690017C311 /* Debug */,
				ABA22E882508CA690017C311 /* Release */,
			);
			defaultConfigurationIsVisible = 0;
			defaultConfigurationName = Release;
		};
		ABA22E892508CA690017C311 /* Build configuration list for PBXNativeTarget "HYFGraphicMapUITests" */ = {
			isa = XCConfigurationList;
			buildConfigurations = (
				ABA22E8A2508CA690017C311 /* Debug */,
				ABA22E8B2508CA690017C311 /* Release */,
			);
			defaultConfigurationIsVisible = 0;
			defaultConfigurationName = Release;
		};
/* End XCConfigurationList section */
	};
	rootObject = ABA22E4C2508CA640017C311 /* Project object */;
}
